{
  "originHash" : "8d56aeb483f2927bf62b2a06ba1b247f4c370676cc57b896e2b288f10b535fbb",
  "pins" : [
    {
      "identity" : "cache",
      "kind" : "remoteSourceControl",
      "location" : "https://github.com/0xLeif/Cache.git",
      "state" : {
        "revision" : "ff7c208eb8311c9bd150a87792d1df36851b95f1",
        "version" : "2.1.2"
      }
    },
    {
      "identity" : "csv.swift",
      "kind" : "remoteSourceControl",
      "location" : "https://github.com/yaslab/CSV.swift.git",
      "state" : {
        "revision" : "b4371dc833ba22ab6ead90fb63d267c3cf9ce773",
        "version" : "2.5.2"
      }
    }
  ],
  "version" : 3
}
