// !$*UTF8*$!
{
	archiveVersion = 1;
	classes = {
	};
	objectVersion = 46;
	objects = {

/* Begin PBXBuildFile section */
		53532F5E187D9C2314DF98A9 /* libPods-Xliffie.a in Frameworks */ = {isa = PBXBuildFile; fileRef = 8A857BFAEBC2315772F4E891 /* libPods-Xliffie.a */; };
		CF011B4B1C40FCBA00948323 /* TranslationUtility.m in Sources */ = {isa = PBXBuildFile; fileRef = CF011B4A1C40FCBA00948323 /* TranslationUtility.m */; };
		CF011B7D1C4641A400948323 /* TranslationWindowController.m in Sources */ = {isa = PBXBuildFile; fileRef = CF011B7B1C4641A400948323 /* TranslationWindowController.m */; };
		CF0945911C54FD3600DAEB4A /* BRArrowSegmentedCell.m in Sources */ = {isa = PBXBuildFile; fileRef = CF0945901C54FD3600DAEB4A /* BRArrowSegmentedCell.m */; };
		CF34B7471AAB7C2000C6A58E /* DocumentListDrawer.m in Sources */ = {isa = PBXBuildFile; fileRef = CF34B7461AAB7C2000C6A58E /* DocumentListDrawer.m */; };
		CF34B75A1AADE00A00C6A58E /* TranslationTargetCell.m in Sources */ = {isa = PBXBuildFile; fileRef = CF34B7591AADE00A00C6A58E /* TranslationTargetCell.m */; };
		CF5682EB1A6AFB9800E0DEDD /* DocumentWindowController.m in Sources */ = {isa = PBXBuildFile; fileRef = CF5682E91A6AFB9800E0DEDD /* DocumentWindowController.m */; };
		CF5682EF1A6B11C700E0DEDD /* DetailViewController.m in Sources */ = {isa = PBXBuildFile; fileRef = CF5682EE1A6B11C700E0DEDD /* DetailViewController.m */; };
		CF5FC8931A5ABFF700538E60 /* AppDelegate.m in Sources */ = {isa = PBXBuildFile; fileRef = CF5FC8921A5ABFF700538E60 /* AppDelegate.m */; };
		CF5FC8951A5ABFF700538E60 /* main.m in Sources */ = {isa = PBXBuildFile; fileRef = CF5FC8941A5ABFF700538E60 /* main.m */; };
		CF5FC8981A5ABFF700538E60 /* DocumentViewController.m in Sources */ = {isa = PBXBuildFile; fileRef = CF5FC8971A5ABFF700538E60 /* DocumentViewController.m */; };
		CF5FC89B1A5ABFF700538E60 /* Document.m in Sources */ = {isa = PBXBuildFile; fileRef = CF5FC89A1A5ABFF700538E60 /* Document.m */; };
		CF5FC89D1A5ABFF700538E60 /* Images.xcassets in Resources */ = {isa = PBXBuildFile; fileRef = CF5FC89C1A5ABFF700538E60 /* Images.xcassets */; };
		CF5FC8A01A5ABFF700538E60 /* Main.storyboard in Resources */ = {isa = PBXBuildFile; fileRef = CF5FC89E1A5ABFF700538E60 /* Main.storyboard */; };
		CF5FC8AC1A5ABFF700538E60 /* XliffieTests.m in Sources */ = {isa = PBXBuildFile; fileRef = CF5FC8AB1A5ABFF700538E60 /* XliffieTests.m */; };
		CF660EF31C5401B2007A0B28 /* Credits.rtf in Resources */ = {isa = PBXBuildFile; fileRef = CF660EF21C5401B2007A0B28 /* Credits.rtf */; };
		CF660EF41C540E11007A0B28 /* TranslateServiceWindowController.xib in Resources */ = {isa = PBXBuildFile; fileRef = CF660EF61C540E11007A0B28 /* TranslateServiceWindowController.xib */; };
		CF660EFB1C540E27007A0B28 /* TranslationWindowController.xib in Resources */ = {isa = PBXBuildFile; fileRef = CF660EFD1C540E27007A0B28 /* TranslationWindowController.xib */; };
		CF662B391C307C7D00704CEA /* TranslateServiceWindowController.m in Sources */ = {isa = PBXBuildFile; fileRef = CF662B381C307C7D00704CEA /* TranslateServiceWindowController.m */; };
		CF740ACF2701CE7900F31F26 /* sk.glossary in Resources */ = {isa = PBXBuildFile; fileRef = CF740AA92701CE7800F31F26 /* sk.glossary */; };
		CF740AD02701CE7900F31F26 /* zh-hk.glossary in Resources */ = {isa = PBXBuildFile; fileRef = CF740AAA2701CE7800F31F26 /* zh-hk.glossary */; };
		CF740AD12701CE7900F31F26 /* no.glossary in Resources */ = {isa = PBXBuildFile; fileRef = CF740AAB2701CE7800F31F26 /* no.glossary */; };
		CF740AD22701CE7900F31F26 /* zh-tw.glossary in Resources */ = {isa = PBXBuildFile; fileRef = CF740AAC2701CE7800F31F26 /* zh-tw.glossary */; };
		CF740AD32701CE7900F31F26 /* nl.glossary in Resources */ = {isa = PBXBuildFile; fileRef = CF740AAD2701CE7800F31F26 /* nl.glossary */; };
		CF740AD42701CE7900F31F26 /* sv.glossary in Resources */ = {isa = PBXBuildFile; fileRef = CF740AAE2701CE7800F31F26 /* sv.glossary */; };
		CF740AD52701CE7900F31F26 /* de.glossary in Resources */ = {isa = PBXBuildFile; fileRef = CF740AAF2701CE7800F31F26 /* de.glossary */; };
		CF740AD62701CE7900F31F26 /* tr.glossary in Resources */ = {isa = PBXBuildFile; fileRef = CF740AB02701CE7800F31F26 /* tr.glossary */; };
		CF740AD72701CE7900F31F26 /* hr.glossary in Resources */ = {isa = PBXBuildFile; fileRef = CF740AB12701CE7800F31F26 /* hr.glossary */; };
		CF740AD82701CE7900F31F26 /* pt-br.glossary in Resources */ = {isa = PBXBuildFile; fileRef = CF740AB22701CE7800F31F26 /* pt-br.glossary */; };
		CF740AD92701CE7900F31F26 /* es-419.glossary in Resources */ = {isa = PBXBuildFile; fileRef = CF740AB32701CE7800F31F26 /* es-419.glossary */; };
		CF740ADA2701CE7900F31F26 /* pt-pt.glossary in Resources */ = {isa = PBXBuildFile; fileRef = CF740AB42701CE7800F31F26 /* pt-pt.glossary */; };
		CF740ADB2701CE7900F31F26 /* ms.glossary in Resources */ = {isa = PBXBuildFile; fileRef = CF740AB52701CE7800F31F26 /* ms.glossary */; };
		CF740ADC2701CE7900F31F26 /* id.glossary in Resources */ = {isa = PBXBuildFile; fileRef = CF740AB62701CE7800F31F26 /* id.glossary */; };
		CF740ADD2701CE7900F31F26 /* th.glossary in Resources */ = {isa = PBXBuildFile; fileRef = CF740AB72701CE7900F31F26 /* th.glossary */; };
		CF740ADE2701CE7900F31F26 /* zh-cn.glossary in Resources */ = {isa = PBXBuildFile; fileRef = CF740AB82701CE7900F31F26 /* zh-cn.glossary */; };
		CF740ADF2701CE7900F31F26 /* da.glossary in Resources */ = {isa = PBXBuildFile; fileRef = CF740AB92701CE7900F31F26 /* da.glossary */; };
		CF740AE02701CE7900F31F26 /* cs.glossary in Resources */ = {isa = PBXBuildFile; fileRef = CF740ABA2701CE7900F31F26 /* cs.glossary */; };
		CF740AE12701CE7900F31F26 /* hu.glossary in Resources */ = {isa = PBXBuildFile; fileRef = CF740ABB2701CE7900F31F26 /* hu.glossary */; };
		CF740AE22701CE7900F31F26 /* it.glossary in Resources */ = {isa = PBXBuildFile; fileRef = CF740ABC2701CE7900F31F26 /* it.glossary */; };
		CF740AE32701CE7900F31F26 /* pl.glossary in Resources */ = {isa = PBXBuildFile; fileRef = CF740ABD2701CE7900F31F26 /* pl.glossary */; };
		CF740AE42701CE7900F31F26 /* hi.glossary in Resources */ = {isa = PBXBuildFile; fileRef = CF740ABE2701CE7900F31F26 /* hi.glossary */; };
		CF740AE52701CE7900F31F26 /* ar.glossary in Resources */ = {isa = PBXBuildFile; fileRef = CF740ABF2701CE7900F31F26 /* ar.glossary */; };
		CF740AE62701CE7900F31F26 /* ko.glossary in Resources */ = {isa = PBXBuildFile; fileRef = CF740AC02701CE7900F31F26 /* ko.glossary */; };
		CF740AE72701CE7900F31F26 /* fi.glossary in Resources */ = {isa = PBXBuildFile; fileRef = CF740AC12701CE7900F31F26 /* fi.glossary */; };
		CF740AE82701CE7900F31F26 /* uk.glossary in Resources */ = {isa = PBXBuildFile; fileRef = CF740AC22701CE7900F31F26 /* uk.glossary */; };
		CF740AE92701CE7900F31F26 /* vi.glossary in Resources */ = {isa = PBXBuildFile; fileRef = CF740AC32701CE7900F31F26 /* vi.glossary */; };
		CF740AEA2701CE7900F31F26 /* en-au.glossary in Resources */ = {isa = PBXBuildFile; fileRef = CF740AC42701CE7900F31F26 /* en-au.glossary */; };
		CF740AEB2701CE7900F31F26 /* fr.glossary in Resources */ = {isa = PBXBuildFile; fileRef = CF740AC52701CE7900F31F26 /* fr.glossary */; };
		CF740AEC2701CE7900F31F26 /* ca.glossary in Resources */ = {isa = PBXBuildFile; fileRef = CF740AC62701CE7900F31F26 /* ca.glossary */; };
		CF740AED2701CE7900F31F26 /* el.glossary in Resources */ = {isa = PBXBuildFile; fileRef = CF740AC72701CE7900F31F26 /* el.glossary */; };
		CF740AEE2701CE7900F31F26 /* ja.glossary in Resources */ = {isa = PBXBuildFile; fileRef = CF740AC82701CE7900F31F26 /* ja.glossary */; };
		CF740AEF2701CE7900F31F26 /* es.glossary in Resources */ = {isa = PBXBuildFile; fileRef = CF740AC92701CE7900F31F26 /* es.glossary */; };
		CF740AF02701CE7900F31F26 /* en-gb.glossary in Resources */ = {isa = PBXBuildFile; fileRef = CF740ACA2701CE7900F31F26 /* en-gb.glossary */; };
		CF740AF12701CE7900F31F26 /* he.glossary in Resources */ = {isa = PBXBuildFile; fileRef = CF740ACB2701CE7900F31F26 /* he.glossary */; };
		CF740AF22701CE7900F31F26 /* fr-ca.glossary in Resources */ = {isa = PBXBuildFile; fileRef = CF740ACC2701CE7900F31F26 /* fr-ca.glossary */; };
		CF740AF32701CE7900F31F26 /* ro.glossary in Resources */ = {isa = PBXBuildFile; fileRef = CF740ACD2701CE7900F31F26 /* ro.glossary */; };
		CF740AF42701CE7900F31F26 /* ru.glossary in Resources */ = {isa = PBXBuildFile; fileRef = CF740ACE2701CE7900F31F26 /* ru.glossary */; };
		CF7CFCC92442083D00AFC9EF /* DocumentListViewController.m in Sources */ = {isa = PBXBuildFile; fileRef = CF7CFCC72442083D00AFC9EF /* DocumentListViewController.m */; };
		CF846CD4259E21A300CA0713 /* CustomDocumentController.m in Sources */ = {isa = PBXBuildFile; fileRef = CF846CD3259E21A300CA0713 /* CustomDocumentController.m */; };
		CF92FB941C24037B00700D3E /* TargetMissingViewController.m in Sources */ = {isa = PBXBuildFile; fileRef = CF92FB931C24037B00700D3E /* TargetMissingViewController.m */; };
		CF94FCA51A5C365400EE8BD5 /* File.m in Sources */ = {isa = PBXBuildFile; fileRef = CF94FCA41A5C365400EE8BD5 /* File.m */; };
		CF94FCA81A5C37A900EE8BD5 /* TranslationPair.m in Sources */ = {isa = PBXBuildFile; fileRef = CF94FCA71A5C37A900EE8BD5 /* TranslationPair.m */; };
		CFCD4B341A6D0C7200BA8826 /* DocumentWindow.m in Sources */ = {isa = PBXBuildFile; fileRef = CFCD4B331A6D0C7200BA8826 /* DocumentWindow.m */; };
		CFD234FA1A5E44C700B52088 /* XMLOutlineView.m in Sources */ = {isa = PBXBuildFile; fileRef = CFD234F91A5E44C700B52088 /* XMLOutlineView.m */; };
		CFE39F9A1A765859004644C8 /* Localizable.strings in Resources */ = {isa = PBXBuildFile; fileRef = CFE39F9C1A765859004644C8 /* Localizable.strings */; };
		CFE39FA11A767252004644C8 /* InfoPlist.strings in Resources */ = {isa = PBXBuildFile; fileRef = CFE39FA31A767252004644C8 /* InfoPlist.strings */; };
		CFE39FA61A767253004644C8 /* InfoPlist.strings in Resources */ = {isa = PBXBuildFile; fileRef = CFE39FA81A767253004644C8 /* InfoPlist.strings */; };
		CFE3B1761CD800AB00021D7F /* NSString+Pangu.m in Sources */ = {isa = PBXBuildFile; fileRef = CFE3B1751CD800AB00021D7F /* NSString+Pangu.m */; };
		CFEECE42250E21EE007A324C /* Localizable.stringsdict in Resources */ = {isa = PBXBuildFile; fileRef = CFEECE44250E21EE007A324C /* Localizable.stringsdict */; };
		CFF70D80221E7BF2004C4C2D /* XclocDocument.m in Sources */ = {isa = PBXBuildFile; fileRef = CFF70D7F221E7BF2004C4C2D /* XclocDocument.m */; };
		D42B8307A52A4CB70FEEA156 /* libPods-XliffieTests.a in Frameworks */ = {isa = PBXBuildFile; fileRef = 9B8C7EA753A4178056B36640 /* libPods-XliffieTests.a */; };
/* End PBXBuildFile section */

/* Begin PBXContainerItemProxy section */
		CF5FC8A61A5ABFF700538E60 /* PBXContainerItemProxy */ = {
			isa = PBXContainerItemProxy;
			containerPortal = CF5FC8841A5ABFF700538E60 /* Project object */;
			proxyType = 1;
			remoteGlobalIDString = CF5FC88B1A5ABFF700538E60;
			remoteInfo = Xliffie;
		};
/* End PBXContainerItemProxy section */

/* Begin PBXFileReference section */
		8A857BFAEBC2315772F4E891 /* libPods-Xliffie.a */ = {isa = PBXFileReference; explicitFileType = archive.ar; includeInIndex = 0; path = "libPods-Xliffie.a"; sourceTree = BUILT_PRODUCTS_DIR; };
		8F922AA3285E9DB3A6DBC09B /* Pods-XliffieTests.release.xcconfig */ = {isa = PBXFileReference; includeInIndex = 1; lastKnownFileType = text.xcconfig; name = "Pods-XliffieTests.release.xcconfig"; path = "Pods/Target Support Files/Pods-XliffieTests/Pods-XliffieTests.release.xcconfig"; sourceTree = "<group>"; };
		9B8C7EA753A4178056B36640 /* libPods-XliffieTests.a */ = {isa = PBXFileReference; explicitFileType = archive.ar; includeInIndex = 0; path = "libPods-XliffieTests.a"; sourceTree = BUILT_PRODUCTS_DIR; };
		9D0489703C74B347744F2B1A /* Pods-Xliffie.release.xcconfig */ = {isa = PBXFileReference; includeInIndex = 1; lastKnownFileType = text.xcconfig; name = "Pods-Xliffie.release.xcconfig"; path = "Pods/Target Support Files/Pods-Xliffie/Pods-Xliffie.release.xcconfig"; sourceTree = "<group>"; };
		CF011B481C40F4B900948323 /* APIKeys.h */ = {isa = PBXFileReference; lastKnownFileType = sourcecode.c.h; path = APIKeys.h; sourceTree = "<group>"; };
		CF011B491C40FCBA00948323 /* TranslationUtility.h */ = {isa = PBXFileReference; fileEncoding = 4; lastKnownFileType = sourcecode.c.h; path = TranslationUtility.h; sourceTree = "<group>"; };
		CF011B4A1C40FCBA00948323 /* TranslationUtility.m */ = {isa = PBXFileReference; fileEncoding = 4; lastKnownFileType = sourcecode.c.objc; path = TranslationUtility.m; sourceTree = "<group>"; };
		CF011B7A1C4641A400948323 /* TranslationWindowController.h */ = {isa = PBXFileReference; fileEncoding = 4; lastKnownFileType = sourcecode.c.h; path = TranslationWindowController.h; sourceTree = "<group>"; };
		CF011B7B1C4641A400948323 /* TranslationWindowController.m */ = {isa = PBXFileReference; fileEncoding = 4; lastKnownFileType = sourcecode.c.objc; path = TranslationWindowController.m; sourceTree = "<group>"; };
		CF026F881C541330009A23AC /* ja */ = {isa = PBXFileReference; lastKnownFileType = text.plist.strings; name = ja; path = ja.lproj/TranslateServiceWindowController.strings; sourceTree = "<group>"; };
		CF026F891C54133B009A23AC /* zh-TW */ = {isa = PBXFileReference; lastKnownFileType = text.plist.strings; name = "zh-TW"; path = "zh-TW.lproj/TranslateServiceWindowController.strings"; sourceTree = "<group>"; };
		CF026F8A1C54134A009A23AC /* ja */ = {isa = PBXFileReference; lastKnownFileType = text.plist.strings; name = ja; path = ja.lproj/TranslationWindowController.strings; sourceTree = "<group>"; };
		CF026F8B1C54134C009A23AC /* zh-TW */ = {isa = PBXFileReference; lastKnownFileType = text.plist.strings; name = "zh-TW"; path = "zh-TW.lproj/TranslationWindowController.strings"; sourceTree = "<group>"; };
		CF09458F1C54FD3600DAEB4A /* BRArrowSegmentedCell.h */ = {isa = PBXFileReference; fileEncoding = 4; lastKnownFileType = sourcecode.c.h; path = BRArrowSegmentedCell.h; sourceTree = "<group>"; };
		CF0945901C54FD3600DAEB4A /* BRArrowSegmentedCell.m */ = {isa = PBXFileReference; fileEncoding = 4; lastKnownFileType = sourcecode.c.objc; path = BRArrowSegmentedCell.m; sourceTree = "<group>"; };
		CF34B7451AAB7C2000C6A58E /* DocumentListDrawer.h */ = {isa = PBXFileReference; fileEncoding = 4; lastKnownFileType = sourcecode.c.h; path = DocumentListDrawer.h; sourceTree = "<group>"; };
		CF34B7461AAB7C2000C6A58E /* DocumentListDrawer.m */ = {isa = PBXFileReference; fileEncoding = 4; lastKnownFileType = sourcecode.c.objc; path = DocumentListDrawer.m; sourceTree = "<group>"; };
		CF34B7581AADE00A00C6A58E /* TranslationTargetCell.h */ = {isa = PBXFileReference; fileEncoding = 4; lastKnownFileType = sourcecode.c.h; path = TranslationTargetCell.h; sourceTree = "<group>"; };
		CF34B7591AADE00A00C6A58E /* TranslationTargetCell.m */ = {isa = PBXFileReference; fileEncoding = 4; lastKnownFileType = sourcecode.c.objc; path = TranslationTargetCell.m; sourceTree = "<group>"; };
		CF4B0C2E1BF91239007AF981 /* zh-TW */ = {isa = PBXFileReference; lastKnownFileType = text.plist.strings; name = "zh-TW"; path = "zh-TW.lproj/Main.strings"; sourceTree = "<group>"; };
		CF4B0C2F1BF9123A007AF981 /* zh-TW */ = {isa = PBXFileReference; lastKnownFileType = text.plist.strings; name = "zh-TW"; path = "zh-TW.lproj/InfoPlist.strings"; sourceTree = "<group>"; };
		CF4B0C301BF9123A007AF981 /* zh-TW */ = {isa = PBXFileReference; lastKnownFileType = text.plist.strings; name = "zh-TW"; path = "zh-TW.lproj/InfoPlist.strings"; sourceTree = "<group>"; };
		CF4B0C311BF9123A007AF981 /* zh-TW */ = {isa = PBXFileReference; lastKnownFileType = text.plist.strings; name = "zh-TW"; path = "zh-TW.lproj/Localizable.strings"; sourceTree = "<group>"; };
		CF5682E81A6AFB9800E0DEDD /* DocumentWindowController.h */ = {isa = PBXFileReference; fileEncoding = 4; lastKnownFileType = sourcecode.c.h; path = DocumentWindowController.h; sourceTree = "<group>"; };
		CF5682E91A6AFB9800E0DEDD /* DocumentWindowController.m */ = {isa = PBXFileReference; fileEncoding = 4; lastKnownFileType = sourcecode.c.objc; path = DocumentWindowController.m; sourceTree = "<group>"; };
		CF5682ED1A6B11C700E0DEDD /* DetailViewController.h */ = {isa = PBXFileReference; fileEncoding = 4; lastKnownFileType = sourcecode.c.h; path = DetailViewController.h; sourceTree = "<group>"; };
		CF5682EE1A6B11C700E0DEDD /* DetailViewController.m */ = {isa = PBXFileReference; fileEncoding = 4; lastKnownFileType = sourcecode.c.objc; path = DetailViewController.m; sourceTree = "<group>"; };
		CF5FC88C1A5ABFF700538E60 /* Xliffie.app */ = {isa = PBXFileReference; explicitFileType = wrapper.application; includeInIndex = 0; path = Xliffie.app; sourceTree = BUILT_PRODUCTS_DIR; };
		CF5FC8901A5ABFF700538E60 /* Info.plist */ = {isa = PBXFileReference; lastKnownFileType = text.plist.xml; path = Info.plist; sourceTree = "<group>"; };
		CF5FC8911A5ABFF700538E60 /* AppDelegate.h */ = {isa = PBXFileReference; lastKnownFileType = sourcecode.c.h; path = AppDelegate.h; sourceTree = "<group>"; };
		CF5FC8921A5ABFF700538E60 /* AppDelegate.m */ = {isa = PBXFileReference; lastKnownFileType = sourcecode.c.objc; path = AppDelegate.m; sourceTree = "<group>"; };
		CF5FC8941A5ABFF700538E60 /* main.m */ = {isa = PBXFileReference; lastKnownFileType = sourcecode.c.objc; path = main.m; sourceTree = "<group>"; };
		CF5FC8961A5ABFF700538E60 /* DocumentViewController.h */ = {isa = PBXFileReference; lastKnownFileType = sourcecode.c.h; path = DocumentViewController.h; sourceTree = "<group>"; };
		CF5FC8971A5ABFF700538E60 /* DocumentViewController.m */ = {isa = PBXFileReference; lastKnownFileType = sourcecode.c.objc; path = DocumentViewController.m; sourceTree = "<group>"; };
		CF5FC8991A5ABFF700538E60 /* Document.h */ = {isa = PBXFileReference; lastKnownFileType = sourcecode.c.h; path = Document.h; sourceTree = "<group>"; };
		CF5FC89A1A5ABFF700538E60 /* Document.m */ = {isa = PBXFileReference; lastKnownFileType = sourcecode.c.objc; path = Document.m; sourceTree = "<group>"; };
		CF5FC89C1A5ABFF700538E60 /* Images.xcassets */ = {isa = PBXFileReference; lastKnownFileType = folder.assetcatalog; path = Images.xcassets; sourceTree = "<group>"; };
		CF5FC89F1A5ABFF700538E60 /* Base */ = {isa = PBXFileReference; lastKnownFileType = file.storyboard; name = Base; path = Base.lproj/Main.storyboard; sourceTree = "<group>"; };
		CF5FC8A51A5ABFF700538E60 /* XliffieTests.xctest */ = {isa = PBXFileReference; explicitFileType = wrapper.cfbundle; includeInIndex = 0; path = XliffieTests.xctest; sourceTree = BUILT_PRODUCTS_DIR; };
		CF5FC8AA1A5ABFF700538E60 /* Info.plist */ = {isa = PBXFileReference; lastKnownFileType = text.plist.xml; path = Info.plist; sourceTree = "<group>"; };
		CF5FC8AB1A5ABFF700538E60 /* XliffieTests.m */ = {isa = PBXFileReference; lastKnownFileType = sourcecode.c.objc; path = XliffieTests.m; sourceTree = "<group>"; };
		CF660EF21C5401B2007A0B28 /* Credits.rtf */ = {isa = PBXFileReference; fileEncoding = 4; lastKnownFileType = text.rtf; path = Credits.rtf; sourceTree = "<group>"; };
		CF660F081C540EFC007A0B28 /* Base */ = {isa = PBXFileReference; lastKnownFileType = file.xib; name = Base; path = Base.lproj/TranslateServiceWindowController.xib; sourceTree = "<group>"; };
		CF660F091C540F09007A0B28 /* Base */ = {isa = PBXFileReference; lastKnownFileType = file.xib; name = Base; path = Base.lproj/TranslationWindowController.xib; sourceTree = "<group>"; };
		CF662B371C307C7D00704CEA /* TranslateServiceWindowController.h */ = {isa = PBXFileReference; fileEncoding = 4; lastKnownFileType = sourcecode.c.h; path = TranslateServiceWindowController.h; sourceTree = "<group>"; };
		CF662B381C307C7D00704CEA /* TranslateServiceWindowController.m */ = {isa = PBXFileReference; fileEncoding = 4; lastKnownFileType = sourcecode.c.objc; path = TranslateServiceWindowController.m; sourceTree = "<group>"; };
		CF740AA92701CE7800F31F26 /* sk.glossary */ = {isa = PBXFileReference; fileEncoding = 4; lastKnownFileType = text; path = sk.glossary; sourceTree = "<group>"; };
		CF740AAA2701CE7800F31F26 /* zh-hk.glossary */ = {isa = PBXFileReference; fileEncoding = 4; lastKnownFileType = text; path = "zh-hk.glossary"; sourceTree = "<group>"; };
		CF740AAB2701CE7800F31F26 /* no.glossary */ = {isa = PBXFileReference; fileEncoding = 4; lastKnownFileType = text; path = no.glossary; sourceTree = "<group>"; };
		CF740AAC2701CE7800F31F26 /* zh-tw.glossary */ = {isa = PBXFileReference; fileEncoding = 4; lastKnownFileType = text; path = "zh-tw.glossary"; sourceTree = "<group>"; };
		CF740AAD2701CE7800F31F26 /* nl.glossary */ = {isa = PBXFileReference; fileEncoding = 4; lastKnownFileType = text; path = nl.glossary; sourceTree = "<group>"; };
		CF740AAE2701CE7800F31F26 /* sv.glossary */ = {isa = PBXFileReference; fileEncoding = 4; lastKnownFileType = text; path = sv.glossary; sourceTree = "<group>"; };
		CF740AAF2701CE7800F31F26 /* de.glossary */ = {isa = PBXFileReference; fileEncoding = 4; lastKnownFileType = text; path = de.glossary; sourceTree = "<group>"; };
		CF740AB02701CE7800F31F26 /* tr.glossary */ = {isa = PBXFileReference; fileEncoding = 4; lastKnownFileType = text; path = tr.glossary; sourceTree = "<group>"; };
		CF740AB12701CE7800F31F26 /* hr.glossary */ = {isa = PBXFileReference; fileEncoding = 4; lastKnownFileType = text; path = hr.glossary; sourceTree = "<group>"; };
		CF740AB22701CE7800F31F26 /* pt-br.glossary */ = {isa = PBXFileReference; fileEncoding = 4; lastKnownFileType = text; path = "pt-br.glossary"; sourceTree = "<group>"; };
		CF740AB32701CE7800F31F26 /* es-419.glossary */ = {isa = PBXFileReference; fileEncoding = 4; lastKnownFileType = text; path = "es-419.glossary"; sourceTree = "<group>"; };
		CF740AB42701CE7800F31F26 /* pt-pt.glossary */ = {isa = PBXFileReference; fileEncoding = 4; lastKnownFileType = text; path = "pt-pt.glossary"; sourceTree = "<group>"; };
		CF740AB52701CE7800F31F26 /* ms.glossary */ = {isa = PBXFileReference; fileEncoding = 4; lastKnownFileType = text; path = ms.glossary; sourceTree = "<group>"; };
		CF740AB62701CE7800F31F26 /* id.glossary */ = {isa = PBXFileReference; fileEncoding = 4; lastKnownFileType = text; path = id.glossary; sourceTree = "<group>"; };
		CF740AB72701CE7900F31F26 /* th.glossary */ = {isa = PBXFileReference; fileEncoding = 4; lastKnownFileType = text; path = th.glossary; sourceTree = "<group>"; };
		CF740AB82701CE7900F31F26 /* zh-cn.glossary */ = {isa = PBXFileReference; fileEncoding = 4; lastKnownFileType = text; path = "zh-cn.glossary"; sourceTree = "<group>"; };
		CF740AB92701CE7900F31F26 /* da.glossary */ = {isa = PBXFileReference; fileEncoding = 4; lastKnownFileType = text; path = da.glossary; sourceTree = "<group>"; };
		CF740ABA2701CE7900F31F26 /* cs.glossary */ = {isa = PBXFileReference; fileEncoding = 4; lastKnownFileType = text; path = cs.glossary; sourceTree = "<group>"; };
		CF740ABB2701CE7900F31F26 /* hu.glossary */ = {isa = PBXFileReference; fileEncoding = 4; lastKnownFileType = text; path = hu.glossary; sourceTree = "<group>"; };
		CF740ABC2701CE7900F31F26 /* it.glossary */ = {isa = PBXFileReference; fileEncoding = 4; lastKnownFileType = text; path = it.glossary; sourceTree = "<group>"; };
		CF740ABD2701CE7900F31F26 /* pl.glossary */ = {isa = PBXFileReference; fileEncoding = 4; lastKnownFileType = text; path = pl.glossary; sourceTree = "<group>"; };
		CF740ABE2701CE7900F31F26 /* hi.glossary */ = {isa = PBXFileReference; fileEncoding = 4; lastKnownFileType = text; path = hi.glossary; sourceTree = "<group>"; };
		CF740ABF2701CE7900F31F26 /* ar.glossary */ = {isa = PBXFileReference; fileEncoding = 4; lastKnownFileType = text; path = ar.glossary; sourceTree = "<group>"; };
		CF740AC02701CE7900F31F26 /* ko.glossary */ = {isa = PBXFileReference; fileEncoding = 4; lastKnownFileType = text; path = ko.glossary; sourceTree = "<group>"; };
		CF740AC12701CE7900F31F26 /* fi.glossary */ = {isa = PBXFileReference; fileEncoding = 4; lastKnownFileType = text; path = fi.glossary; sourceTree = "<group>"; };
		CF740AC22701CE7900F31F26 /* uk.glossary */ = {isa = PBXFileReference; fileEncoding = 4; lastKnownFileType = text; path = uk.glossary; sourceTree = "<group>"; };
		CF740AC32701CE7900F31F26 /* vi.glossary */ = {isa = PBXFileReference; fileEncoding = 4; lastKnownFileType = text; path = vi.glossary; sourceTree = "<group>"; };
		CF740AC42701CE7900F31F26 /* en-au.glossary */ = {isa = PBXFileReference; fileEncoding = 4; lastKnownFileType = text; path = "en-au.glossary"; sourceTree = "<group>"; };
		CF740AC52701CE7900F31F26 /* fr.glossary */ = {isa = PBXFileReference; fileEncoding = 4; lastKnownFileType = text; path = fr.glossary; sourceTree = "<group>"; };
		CF740AC62701CE7900F31F26 /* ca.glossary */ = {isa = PBXFileReference; fileEncoding = 4; lastKnownFileType = text; path = ca.glossary; sourceTree = "<group>"; };
		CF740AC72701CE7900F31F26 /* el.glossary */ = {isa = PBXFileReference; fileEncoding = 4; lastKnownFileType = text; path = el.glossary; sourceTree = "<group>"; };
		CF740AC82701CE7900F31F26 /* ja.glossary */ = {isa = PBXFileReference; fileEncoding = 4; lastKnownFileType = text; path = ja.glossary; sourceTree = "<group>"; };
		CF740AC92701CE7900F31F26 /* es.glossary */ = {isa = PBXFileReference; fileEncoding = 4; lastKnownFileType = text; path = es.glossary; sourceTree = "<group>"; };
		CF740ACA2701CE7900F31F26 /* en-gb.glossary */ = {isa = PBXFileReference; fileEncoding = 4; lastKnownFileType = text; path = "en-gb.glossary"; sourceTree = "<group>"; };
		CF740ACB2701CE7900F31F26 /* he.glossary */ = {isa = PBXFileReference; fileEncoding = 4; lastKnownFileType = text; path = he.glossary; sourceTree = "<group>"; };
		CF740ACC2701CE7900F31F26 /* fr-ca.glossary */ = {isa = PBXFileReference; fileEncoding = 4; lastKnownFileType = text; path = "fr-ca.glossary"; sourceTree = "<group>"; };
		CF740ACD2701CE7900F31F26 /* ro.glossary */ = {isa = PBXFileReference; fileEncoding = 4; lastKnownFileType = text; path = ro.glossary; sourceTree = "<group>"; };
		CF740ACE2701CE7900F31F26 /* ru.glossary */ = {isa = PBXFileReference; fileEncoding = 4; lastKnownFileType = text; path = ru.glossary; sourceTree = "<group>"; };
		CF7CFCC62442083D00AFC9EF /* DocumentListViewController.h */ = {isa = PBXFileReference; lastKnownFileType = sourcecode.c.h; path = DocumentListViewController.h; sourceTree = "<group>"; };
		CF7CFCC72442083D00AFC9EF /* DocumentListViewController.m */ = {isa = PBXFileReference; lastKnownFileType = sourcecode.c.objc; path = DocumentListViewController.m; sourceTree = "<group>"; };
		CF846CD2259E21A300CA0713 /* CustomDocumentController.h */ = {isa = PBXFileReference; lastKnownFileType = sourcecode.c.h; path = CustomDocumentController.h; sourceTree = "<group>"; };
		CF846CD3259E21A300CA0713 /* CustomDocumentController.m */ = {isa = PBXFileReference; lastKnownFileType = sourcecode.c.objc; path = CustomDocumentController.m; sourceTree = "<group>"; };
		CF92FB921C24037B00700D3E /* TargetMissingViewController.h */ = {isa = PBXFileReference; fileEncoding = 4; lastKnownFileType = sourcecode.c.h; path = TargetMissingViewController.h; sourceTree = "<group>"; };
		CF92FB931C24037B00700D3E /* TargetMissingViewController.m */ = {isa = PBXFileReference; fileEncoding = 4; lastKnownFileType = sourcecode.c.objc; path = TargetMissingViewController.m; sourceTree = "<group>"; };
		CF94FCA31A5C365400EE8BD5 /* File.h */ = {isa = PBXFileReference; fileEncoding = 4; lastKnownFileType = sourcecode.c.h; path = File.h; sourceTree = "<group>"; };
		CF94FCA41A5C365400EE8BD5 /* File.m */ = {isa = PBXFileReference; fileEncoding = 4; lastKnownFileType = sourcecode.c.objc; path = File.m; sourceTree = "<group>"; };
		CF94FCA61A5C37A900EE8BD5 /* TranslationPair.h */ = {isa = PBXFileReference; fileEncoding = 4; lastKnownFileType = sourcecode.c.h; path = TranslationPair.h; sourceTree = "<group>"; };
		CF94FCA71A5C37A900EE8BD5 /* TranslationPair.m */ = {isa = PBXFileReference; fileEncoding = 4; lastKnownFileType = sourcecode.c.objc; path = TranslationPair.m; sourceTree = "<group>"; };
		CFCD4B321A6D0C7200BA8826 /* DocumentWindow.h */ = {isa = PBXFileReference; fileEncoding = 4; lastKnownFileType = sourcecode.c.h; path = DocumentWindow.h; sourceTree = "<group>"; };
		CFCD4B331A6D0C7200BA8826 /* DocumentWindow.m */ = {isa = PBXFileReference; fileEncoding = 4; lastKnownFileType = sourcecode.c.objc; path = DocumentWindow.m; sourceTree = "<group>"; };
		CFD234F81A5E44C700B52088 /* XMLOutlineView.h */ = {isa = PBXFileReference; fileEncoding = 4; lastKnownFileType = sourcecode.c.h; path = XMLOutlineView.h; sourceTree = "<group>"; };
		CFD234F91A5E44C700B52088 /* XMLOutlineView.m */ = {isa = PBXFileReference; fileEncoding = 4; lastKnownFileType = sourcecode.c.objc; path = XMLOutlineView.m; sourceTree = "<group>"; };
		CFE39F6F1A764526004644C8 /* Xliffie.entitlements */ = {isa = PBXFileReference; lastKnownFileType = text.xml; path = Xliffie.entitlements; sourceTree = "<group>"; };
		CFE39F9B1A765859004644C8 /* Base */ = {isa = PBXFileReference; lastKnownFileType = text.plist.strings; name = Base; path = Base.lproj/Localizable.strings; sourceTree = "<group>"; };
		CFE39F9D1A765863004644C8 /* ja */ = {isa = PBXFileReference; lastKnownFileType = text.plist.strings; name = ja; path = ja.lproj/Main.strings; sourceTree = "<group>"; };
		CFE39F9E1A765863004644C8 /* ja */ = {isa = PBXFileReference; lastKnownFileType = text.plist.strings; name = ja; path = ja.lproj/Localizable.strings; sourceTree = "<group>"; };
		CFE39FA21A767252004644C8 /* ja */ = {isa = PBXFileReference; lastKnownFileType = text.plist.strings; name = ja; path = ja.lproj/InfoPlist.strings; sourceTree = "<group>"; };
		CFE39FA71A767253004644C8 /* ja */ = {isa = PBXFileReference; lastKnownFileType = text.plist.strings; name = ja; path = ja.lproj/InfoPlist.strings; sourceTree = "<group>"; };
		CFE3B1741CD800AB00021D7F /* NSString+Pangu.h */ = {isa = PBXFileReference; fileEncoding = 4; lastKnownFileType = sourcecode.c.h; path = "NSString+Pangu.h"; sourceTree = "<group>"; };
		CFE3B1751CD800AB00021D7F /* NSString+Pangu.m */ = {isa = PBXFileReference; fileEncoding = 4; lastKnownFileType = sourcecode.c.objc; path = "NSString+Pangu.m"; sourceTree = "<group>"; };
		CFEECE43250E21EE007A324C /* en */ = {isa = PBXFileReference; lastKnownFileType = text.plist.stringsdict; name = en; path = en.lproj/Localizable.stringsdict; sourceTree = "<group>"; };
		CFEECE46250E2C69007A324C /* zh-TW */ = {isa = PBXFileReference; lastKnownFileType = text.plist.stringsdict; name = "zh-TW"; path = "zh-TW.lproj/Localizable.stringsdict"; sourceTree = "<group>"; };
		CFEECE47250E2C6A007A324C /* ja */ = {isa = PBXFileReference; lastKnownFileType = text.plist.stringsdict; name = ja; path = ja.lproj/Localizable.stringsdict; sourceTree = "<group>"; };
		CFF70D7E221E7BF2004C4C2D /* XclocDocument.h */ = {isa = PBXFileReference; lastKnownFileType = sourcecode.c.h; path = XclocDocument.h; sourceTree = "<group>"; };
		CFF70D7F221E7BF2004C4C2D /* XclocDocument.m */ = {isa = PBXFileReference; lastKnownFileType = sourcecode.c.objc; path = XclocDocument.m; sourceTree = "<group>"; };
		E63D96FADBADA5BA423F82DD /* Pods-Xliffie.debug.xcconfig */ = {isa = PBXFileReference; includeInIndex = 1; lastKnownFileType = text.xcconfig; name = "Pods-Xliffie.debug.xcconfig"; path = "Pods/Target Support Files/Pods-Xliffie/Pods-Xliffie.debug.xcconfig"; sourceTree = "<group>"; };
		F46F3EFF87AC9239B0E767A0 /* Pods-XliffieTests.debug.xcconfig */ = {isa = PBXFileReference; includeInIndex = 1; lastKnownFileType = text.xcconfig; name = "Pods-XliffieTests.debug.xcconfig"; path = "Pods/Target Support Files/Pods-XliffieTests/Pods-XliffieTests.debug.xcconfig"; sourceTree = "<group>"; };
/* End PBXFileReference section */

/* Begin PBXFrameworksBuildPhase section */
		CF5FC8891A5ABFF700538E60 /* Frameworks */ = {
			isa = PBXFrameworksBuildPhase;
			buildActionMask = 2147483647;
			files = (
				53532F5E187D9C2314DF98A9 /* libPods-Xliffie.a in Frameworks */,
			);
			runOnlyForDeploymentPostprocessing = 0;
		};
		CF5FC8A21A5ABFF700538E60 /* Frameworks */ = {
			isa = PBXFrameworksBuildPhase;
			buildActionMask = 2147483647;
			files = (
				D42B8307A52A4CB70FEEA156 /* libPods-XliffieTests.a in Frameworks */,
			);
			runOnlyForDeploymentPostprocessing = 0;
		};
/* End PBXFrameworksBuildPhase section */

/* Begin PBXGroup section */
		74D4C8CBAA26CAF370D43235 /* Pods */ = {
			isa = PBXGroup;
			children = (
				E63D96FADBADA5BA423F82DD /* Pods-Xliffie.debug.xcconfig */,
				9D0489703C74B347744F2B1A /* Pods-Xliffie.release.xcconfig */,
				F46F3EFF87AC9239B0E767A0 /* Pods-XliffieTests.debug.xcconfig */,
				8F922AA3285E9DB3A6DBC09B /* Pods-XliffieTests.release.xcconfig */,
			);
			name = Pods;
			sourceTree = "<group>";
		};
		B9A0E10FA89551832665D61C /* Frameworks */ = {
			isa = PBXGroup;
			children = (
				8A857BFAEBC2315772F4E891 /* libPods-Xliffie.a */,
				9B8C7EA753A4178056B36640 /* libPods-XliffieTests.a */,
			);
			name = Frameworks;
			sourceTree = "<group>";
		};
		CF34B75B1AADE01000C6A58E /* UI Elements */ = {
			isa = PBXGroup;
			children = (
				CFD234F81A5E44C700B52088 /* XMLOutlineView.h */,
				CFD234F91A5E44C700B52088 /* XMLOutlineView.m */,
				CF34B7581AADE00A00C6A58E /* TranslationTargetCell.h */,
				CF34B7591AADE00A00C6A58E /* TranslationTargetCell.m */,
				CF09458F1C54FD3600DAEB4A /* BRArrowSegmentedCell.h */,
				CF0945901C54FD3600DAEB4A /* BRArrowSegmentedCell.m */,
			);
			name = "UI Elements";
			sourceTree = "<group>";
		};
		CF34B75C1AADE02400C6A58E /* Model */ = {
			isa = PBXGroup;
			children = (
				CF5FC8991A5ABFF700538E60 /* Document.h */,
				CF5FC89A1A5ABFF700538E60 /* Document.m */,
				CFF70D7E221E7BF2004C4C2D /* XclocDocument.h */,
				CFF70D7F221E7BF2004C4C2D /* XclocDocument.m */,
				CF94FCA31A5C365400EE8BD5 /* File.h */,
				CF94FCA41A5C365400EE8BD5 /* File.m */,
				CF94FCA61A5C37A900EE8BD5 /* TranslationPair.h */,
				CF94FCA71A5C37A900EE8BD5 /* TranslationPair.m */,
			);
			name = Model;
			sourceTree = "<group>";
		};
		CF5FC8831A5ABFF700538E60 = {
			isa = PBXGroup;
			children = (
				CF5FC88E1A5ABFF700538E60 /* Xliffie */,
				CF5FC8A81A5ABFF700538E60 /* XliffieTests */,
				CF5FC88D1A5ABFF700538E60 /* Products */,
				74D4C8CBAA26CAF370D43235 /* Pods */,
				B9A0E10FA89551832665D61C /* Frameworks */,
			);
			sourceTree = "<group>";
		};
		CF5FC88D1A5ABFF700538E60 /* Products */ = {
			isa = PBXGroup;
			children = (
				CF5FC88C1A5ABFF700538E60 /* Xliffie.app */,
				CF5FC8A51A5ABFF700538E60 /* XliffieTests.xctest */,
			);
			name = Products;
			sourceTree = "<group>";
		};
		CF5FC88E1A5ABFF700538E60 /* Xliffie */ = {
			isa = PBXGroup;
			children = (
				CFE39F6F1A764526004644C8 /* Xliffie.entitlements */,
				CF011B481C40F4B900948323 /* APIKeys.h */,
				CF5FC8911A5ABFF700538E60 /* AppDelegate.h */,
				CF5FC8921A5ABFF700538E60 /* AppDelegate.m */,
				CF846CD2259E21A300CA0713 /* CustomDocumentController.h */,
				CF846CD3259E21A300CA0713 /* CustomDocumentController.m */,
				CF5682E81A6AFB9800E0DEDD /* DocumentWindowController.h */,
				CF5682E91A6AFB9800E0DEDD /* DocumentWindowController.m */,
				CFCD4B321A6D0C7200BA8826 /* DocumentWindow.h */,
				CFCD4B331A6D0C7200BA8826 /* DocumentWindow.m */,
				CF34B7451AAB7C2000C6A58E /* DocumentListDrawer.h */,
				CF34B7461AAB7C2000C6A58E /* DocumentListDrawer.m */,
				CF7CFCC62442083D00AFC9EF /* DocumentListViewController.h */,
				CF7CFCC72442083D00AFC9EF /* DocumentListViewController.m */,
				CF5FC8961A5ABFF700538E60 /* DocumentViewController.h */,
				CF5FC8971A5ABFF700538E60 /* DocumentViewController.m */,
				CF5682ED1A6B11C700E0DEDD /* DetailViewController.h */,
				CF5682EE1A6B11C700E0DEDD /* DetailViewController.m */,
				CF92FB921C24037B00700D3E /* TargetMissingViewController.h */,
				CF92FB931C24037B00700D3E /* TargetMissingViewController.m */,
				CFB0B8F61C3073A9004DF663 /* Translator */,
				CF34B75C1AADE02400C6A58E /* Model */,
				CF34B75B1AADE01000C6A58E /* UI Elements */,
				CFE3B1731CD8008800021D7F /* Pangu */,
				CF695C4C26FF5408008000E2 /* Glossary */,
				CF5FC89C1A5ABFF700538E60 /* Images.xcassets */,
				CF5FC89E1A5ABFF700538E60 /* Main.storyboard */,
				CFE39F9C1A765859004644C8 /* Localizable.strings */,
				CFEECE44250E21EE007A324C /* Localizable.stringsdict */,
				CF5FC88F1A5ABFF700538E60 /* Supporting Files */,
			);
			path = Xliffie;
			sourceTree = "<group>";
		};
		CF5FC88F1A5ABFF700538E60 /* Supporting Files */ = {
			isa = PBXGroup;
			children = (
				CFE39FA31A767252004644C8 /* InfoPlist.strings */,
				CF5FC8901A5ABFF700538E60 /* Info.plist */,
				CF5FC8941A5ABFF700538E60 /* main.m */,
				CF660EF21C5401B2007A0B28 /* Credits.rtf */,
			);
			name = "Supporting Files";
			sourceTree = "<group>";
		};
		CF5FC8A81A5ABFF700538E60 /* XliffieTests */ = {
			isa = PBXGroup;
			children = (
				CF5FC8AB1A5ABFF700538E60 /* XliffieTests.m */,
				CF5FC8A91A5ABFF700538E60 /* Supporting Files */,
			);
			path = XliffieTests;
			sourceTree = "<group>";
		};
		CF5FC8A91A5ABFF700538E60 /* Supporting Files */ = {
			isa = PBXGroup;
			children = (
				CFE39FA81A767253004644C8 /* InfoPlist.strings */,
				CF5FC8AA1A5ABFF700538E60 /* Info.plist */,
			);
			name = "Supporting Files";
			sourceTree = "<group>";
		};
		CF695C4C26FF5408008000E2 /* Glossary */ = {
			isa = PBXGroup;
			children = (
				CF740AA82701C73A00F31F26 /* Assets */,
			);
			path = Glossary;
			sourceTree = "<group>";
		};
		CF740AA82701C73A00F31F26 /* Assets */ = {
			isa = PBXGroup;
			children = (
				CF740ABF2701CE7900F31F26 /* ar.glossary */,
				CF740AC62701CE7900F31F26 /* ca.glossary */,
				CF740ABA2701CE7900F31F26 /* cs.glossary */,
				CF740AB92701CE7900F31F26 /* da.glossary */,
				CF740AAF2701CE7800F31F26 /* de.glossary */,
				CF740AC72701CE7900F31F26 /* el.glossary */,
				CF740AC42701CE7900F31F26 /* en-au.glossary */,
				CF740ACA2701CE7900F31F26 /* en-gb.glossary */,
				CF740AB32701CE7800F31F26 /* es-419.glossary */,
				CF740AC92701CE7900F31F26 /* es.glossary */,
				CF740AC12701CE7900F31F26 /* fi.glossary */,
				CF740ACC2701CE7900F31F26 /* fr-ca.glossary */,
				CF740AC52701CE7900F31F26 /* fr.glossary */,
				CF740ACB2701CE7900F31F26 /* he.glossary */,
				CF740ABE2701CE7900F31F26 /* hi.glossary */,
				CF740AB12701CE7800F31F26 /* hr.glossary */,
				CF740ABB2701CE7900F31F26 /* hu.glossary */,
				CF740AB62701CE7800F31F26 /* id.glossary */,
				CF740ABC2701CE7900F31F26 /* it.glossary */,
				CF740AC82701CE7900F31F26 /* ja.glossary */,
				CF740AC02701CE7900F31F26 /* ko.glossary */,
				CF740AB52701CE7800F31F26 /* ms.glossary */,
				CF740AAD2701CE7800F31F26 /* nl.glossary */,
				CF740AAB2701CE7800F31F26 /* no.glossary */,
				CF740ABD2701CE7900F31F26 /* pl.glossary */,
				CF740AB22701CE7800F31F26 /* pt-br.glossary */,
				CF740AB42701CE7800F31F26 /* pt-pt.glossary */,
				CF740ACD2701CE7900F31F26 /* ro.glossary */,
				CF740ACE2701CE7900F31F26 /* ru.glossary */,
				CF740AA92701CE7800F31F26 /* sk.glossary */,
				CF740AAE2701CE7800F31F26 /* sv.glossary */,
				CF740AB72701CE7900F31F26 /* th.glossary */,
				CF740AB02701CE7800F31F26 /* tr.glossary */,
				CF740AC22701CE7900F31F26 /* uk.glossary */,
				CF740AC32701CE7900F31F26 /* vi.glossary */,
				CF740AB82701CE7900F31F26 /* zh-cn.glossary */,
				CF740AAA2701CE7800F31F26 /* zh-hk.glossary */,
				CF740AAC2701CE7800F31F26 /* zh-tw.glossary */,
			);
			path = Assets;
			sourceTree = "<group>";
		};
		CFB0B8F61C3073A9004DF663 /* Translator */ = {
			isa = PBXGroup;
			children = (
				CF662B371C307C7D00704CEA /* TranslateServiceWindowController.h */,
				CF662B381C307C7D00704CEA /* TranslateServiceWindowController.m */,
				CF660EF61C540E11007A0B28 /* TranslateServiceWindowController.xib */,
				CF011B7A1C4641A400948323 /* TranslationWindowController.h */,
				CF011B7B1C4641A400948323 /* TranslationWindowController.m */,
				CF660EFD1C540E27007A0B28 /* TranslationWindowController.xib */,
				CF011B491C40FCBA00948323 /* TranslationUtility.h */,
				CF011B4A1C40FCBA00948323 /* TranslationUtility.m */,
			);
			name = Translator;
			sourceTree = "<group>";
		};
		CFE3B1731CD8008800021D7F /* Pangu */ = {
			isa = PBXGroup;
			children = (
				CFE3B1741CD800AB00021D7F /* NSString+Pangu.h */,
				CFE3B1751CD800AB00021D7F /* NSString+Pangu.m */,
			);
			name = Pangu;
			sourceTree = "<group>";
		};
/* End PBXGroup section */

/* Begin PBXNativeTarget section */
		CF5FC88B1A5ABFF700538E60 /* Xliffie */ = {
			isa = PBXNativeTarget;
			buildConfigurationList = CF5FC8AF1A5ABFF700538E60 /* Build configuration list for PBXNativeTarget "Xliffie" */;
			buildPhases = (
				6C9CCE6AB169C9999AAA92F1 /* [CP] Check Pods Manifest.lock */,
				CF5FC8881A5ABFF700538E60 /* Sources */,
				CF5FC8891A5ABFF700538E60 /* Frameworks */,
				CF5FC88A1A5ABFF700538E60 /* Resources */,
				CBFB020D2258E9B28D4491C4 /* [CP] Copy Pods Resources */,
			);
			buildRules = (
			);
			dependencies = (
			);
			name = Xliffie;
			productName = Xliffie;
			productReference = CF5FC88C1A5ABFF700538E60 /* Xliffie.app */;
			productType = "com.apple.product-type.application";
		};
		CF5FC8A41A5ABFF700538E60 /* XliffieTests */ = {
			isa = PBXNativeTarget;
			buildConfigurationList = CF5FC8B21A5ABFF700538E60 /* Build configuration list for PBXNativeTarget "XliffieTests" */;
			buildPhases = (
				208530F6FEF33194A034E965 /* [CP] Check Pods Manifest.lock */,
				CF5FC8A11A5ABFF700538E60 /* Sources */,
				CF5FC8A21A5ABFF700538E60 /* Frameworks */,
				CF5FC8A31A5ABFF700538E60 /* Resources */,
				D6A7F39881EBEC737CA965D7 /* [CP] Copy Pods Resources */,
			);
			buildRules = (
			);
			dependencies = (
				CF5FC8A71A5ABFF700538E60 /* PBXTargetDependency */,
			);
			name = XliffieTests;
			productName = XliffieTests;
			productReference = CF5FC8A51A5ABFF700538E60 /* XliffieTests.xctest */;
			productType = "com.apple.product-type.bundle.unit-test";
		};
/* End PBXNativeTarget section */

/* Begin PBXProject section */
		CF5FC8841A5ABFF700538E60 /* Project object */ = {
			isa = PBXProject;
			attributes = {
				LastSwiftUpdateCheck = 0720;
				LastUpgradeCheck = 0610;
				ORGANIZATIONNAME = b123400;
				TargetAttributes = {
					CF5FC88B1A5ABFF700538E60 = {
						CreatedOnToolsVersion = 6.1.1;
						DevelopmentTeam = CC63FD9H8S;
						ProvisioningStyle = Automatic;
						SystemCapabilities = {
							com.apple.Sandbox = {
								enabled = 1;
							};
							com.apple.iCloud = {
								enabled = 0;
							};
						};
					};
					CF5FC8A41A5ABFF700538E60 = {
						CreatedOnToolsVersion = 6.1.1;
						TestTargetID = CF5FC88B1A5ABFF700538E60;
					};
				};
			};
			buildConfigurationList = CF5FC8871A5ABFF700538E60 /* Build configuration list for PBXProject "Xliffie" */;
			compatibilityVersion = "Xcode 3.2";
			developmentRegion = English;
			hasScannedForEncodings = 0;
			knownRegions = (
				English,
				en,
				Base,
				ja,
				"zh-TW",
			);
			mainGroup = CF5FC8831A5ABFF700538E60;
			productRefGroup = CF5FC88D1A5ABFF700538E60 /* Products */;
			projectDirPath = "";
			projectRoot = "";
			targets = (
				CF5FC88B1A5ABFF700538E60 /* Xliffie */,
				CF5FC8A41A5ABFF700538E60 /* XliffieTests */,
			);
		};
/* End PBXProject section */

/* Begin PBXResourcesBuildPhase section */
		CF5FC88A1A5ABFF700538E60 /* Resources */ = {
			isa = PBXResourcesBuildPhase;
			buildActionMask = 2147483647;
			files = (
				CF740AED2701CE7900F31F26 /* el.glossary in Resources */,
				CF740ADE2701CE7900F31F26 /* zh-cn.glossary in Resources */,
				CF740AEC2701CE7900F31F26 /* ca.glossary in Resources */,
				CF740AF02701CE7900F31F26 /* en-gb.glossary in Resources */,
				CF740AE52701CE7900F31F26 /* ar.glossary in Resources */,
				CF740AD02701CE7900F31F26 /* zh-hk.glossary in Resources */,
				CF740AEB2701CE7900F31F26 /* fr.glossary in Resources */,
				CF5FC89D1A5ABFF700538E60 /* Images.xcassets in Resources */,
				CFE39FA11A767252004644C8 /* InfoPlist.strings in Resources */,
				CF740AF22701CE7900F31F26 /* fr-ca.glossary in Resources */,
				CF740AEE2701CE7900F31F26 /* ja.glossary in Resources */,
				CF740AD62701CE7900F31F26 /* tr.glossary in Resources */,
				CF740ADB2701CE7900F31F26 /* ms.glossary in Resources */,
				CF740AF12701CE7900F31F26 /* he.glossary in Resources */,
				CF740AE62701CE7900F31F26 /* ko.glossary in Resources */,
				CF740AE22701CE7900F31F26 /* it.glossary in Resources */,
				CF740AD52701CE7900F31F26 /* de.glossary in Resources */,
				CF740AD72701CE7900F31F26 /* hr.glossary in Resources */,
				CF740AD32701CE7900F31F26 /* nl.glossary in Resources */,
				CF740AE92701CE7900F31F26 /* vi.glossary in Resources */,
				CF740ADF2701CE7900F31F26 /* da.glossary in Resources */,
				CF740ADC2701CE7900F31F26 /* id.glossary in Resources */,
				CF740AE42701CE7900F31F26 /* hi.glossary in Resources */,
				CF740AF32701CE7900F31F26 /* ro.glossary in Resources */,
				CF660EF41C540E11007A0B28 /* TranslateServiceWindowController.xib in Resources */,
				CF660EFB1C540E27007A0B28 /* TranslationWindowController.xib in Resources */,
				CF740AE72701CE7900F31F26 /* fi.glossary in Resources */,
				CF740AE12701CE7900F31F26 /* hu.glossary in Resources */,
				CF740ADA2701CE7900F31F26 /* pt-pt.glossary in Resources */,
				CF740ADD2701CE7900F31F26 /* th.glossary in Resources */,
				CF740AE82701CE7900F31F26 /* uk.glossary in Resources */,
				CF740AD42701CE7900F31F26 /* sv.glossary in Resources */,
				CF740AD12701CE7900F31F26 /* no.glossary in Resources */,
				CF740AE02701CE7900F31F26 /* cs.glossary in Resources */,
				CF740AD22701CE7900F31F26 /* zh-tw.glossary in Resources */,
				CFE39F9A1A765859004644C8 /* Localizable.strings in Resources */,
				CF740AF42701CE7900F31F26 /* ru.glossary in Resources */,
				CF740AD92701CE7900F31F26 /* es-419.glossary in Resources */,
				CF740ACF2701CE7900F31F26 /* sk.glossary in Resources */,
				CF740AEF2701CE7900F31F26 /* es.glossary in Resources */,
				CFEECE42250E21EE007A324C /* Localizable.stringsdict in Resources */,
				CF660EF31C5401B2007A0B28 /* Credits.rtf in Resources */,
				CF740AE32701CE7900F31F26 /* pl.glossary in Resources */,
				CF5FC8A01A5ABFF700538E60 /* Main.storyboard in Resources */,
				CF740AEA2701CE7900F31F26 /* en-au.glossary in Resources */,
				CF740AD82701CE7900F31F26 /* pt-br.glossary in Resources */,
			);
			runOnlyForDeploymentPostprocessing = 0;
		};
		CF5FC8A31A5ABFF700538E60 /* Resources */ = {
			isa = PBXResourcesBuildPhase;
			buildActionMask = 2147483647;
			files = (
				CFE39FA61A767253004644C8 /* InfoPlist.strings in Resources */,
			);
			runOnlyForDeploymentPostprocessing = 0;
		};
/* End PBXResourcesBuildPhase section */

/* Begin PBXShellScriptBuildPhase section */
		208530F6FEF33194A034E965 /* [CP] Check Pods Manifest.lock */ = {
			isa = PBXShellScriptBuildPhase;
			buildActionMask = 2147483647;
			files = (
			);
			inputPaths = (
				"${PODS_PODFILE_DIR_PATH}/Podfile.lock",
				"${PODS_ROOT}/Manifest.lock",
			);
			name = "[CP] Check Pods Manifest.lock";
			outputPaths = (
				"$(DERIVED_FILE_DIR)/Pods-XliffieTests-checkManifestLockResult.txt",
			);
			runOnlyForDeploymentPostprocessing = 0;
			shellPath = /bin/sh;
			shellScript = "diff \"${PODS_PODFILE_DIR_PATH}/Podfile.lock\" \"${PODS_ROOT}/Manifest.lock\" > /dev/null\nif [ $? != 0 ] ; then\n    # print error to STDERR\n    echo \"error: The sandbox is not in sync with the Podfile.lock. Run 'pod install' or update your CocoaPods installation.\" >&2\n    exit 1\nfi\n# This output is used by Xcode 'outputs' to avoid re-running this script phase.\necho \"SUCCESS\" > \"${SCRIPT_OUTPUT_FILE_0}\"\n";
			showEnvVarsInLog = 0;
		};
		6C9CCE6AB169C9999AAA92F1 /* [CP] Check Pods Manifest.lock */ = {
			isa = PBXShellScriptBuildPhase;
			buildActionMask = 2147483647;
			files = (
			);
			inputPaths = (
				"${PODS_PODFILE_DIR_PATH}/Podfile.lock",
				"${PODS_ROOT}/Manifest.lock",
			);
			name = "[CP] Check Pods Manifest.lock";
			outputPaths = (
				"$(DERIVED_FILE_DIR)/Pods-Xliffie-checkManifestLockResult.txt",
			);
			runOnlyForDeploymentPostprocessing = 0;
			shellPath = /bin/sh;
			shellScript = "diff \"${PODS_PODFILE_DIR_PATH}/Podfile.lock\" \"${PODS_ROOT}/Manifest.lock\" > /dev/null\nif [ $? != 0 ] ; then\n    # print error to STDERR\n    echo \"error: The sandbox is not in sync with the Podfile.lock. Run 'pod install' or update your CocoaPods installation.\" >&2\n    exit 1\nfi\n# This output is used by Xcode 'outputs' to avoid re-running this script phase.\necho \"SUCCESS\" > \"${SCRIPT_OUTPUT_FILE_0}\"\n";
			showEnvVarsInLog = 0;
		};
		CBFB020D2258E9B28D4491C4 /* [CP] Copy Pods Resources */ = {
			isa = PBXShellScriptBuildPhase;
			buildActionMask = 2147483647;
			files = (
			);
			inputPaths = (
				"${PODS_ROOT}/Target Support Files/Pods-Xliffie/Pods-Xliffie-resources.sh",
				"${PODS_ROOT}/BRLocaleMap/locale-mapping/google-translate.json",
				"${PODS_ROOT}/BRLocaleMap/locale-mapping/microsoft-translate.json",
			);
			name = "[CP] Copy Pods Resources";
			outputPaths = (
				"${TARGET_BUILD_DIR}/${UNLOCALIZED_RESOURCES_FOLDER_PATH}/google-translate.json",
				"${TARGET_BUILD_DIR}/${UNLOCALIZED_RESOURCES_FOLDER_PATH}/microsoft-translate.json",
			);
			runOnlyForDeploymentPostprocessing = 0;
			shellPath = /bin/sh;
			shellScript = "\"${PODS_ROOT}/Target Support Files/Pods-Xliffie/Pods-Xliffie-resources.sh\"\n";
			showEnvVarsInLog = 0;
		};
		D6A7F39881EBEC737CA965D7 /* [CP] Copy Pods Resources */ = {
			isa = PBXShellScriptBuildPhase;
			buildActionMask = 2147483647;
			files = (
			);
			inputPaths = (
				"${PODS_ROOT}/Target Support Files/Pods-XliffieTests/Pods-XliffieTests-resources.sh",
				"${PODS_ROOT}/BRLocaleMap/locale-mapping/google-translate.json",
				"${PODS_ROOT}/BRLocaleMap/locale-mapping/microsoft-translate.json",
			);
			name = "[CP] Copy Pods Resources";
			outputPaths = (
				"${TARGET_BUILD_DIR}/${UNLOCALIZED_RESOURCES_FOLDER_PATH}/google-translate.json",
				"${TARGET_BUILD_DIR}/${UNLOCALIZED_RESOURCES_FOLDER_PATH}/microsoft-translate.json",
			);
			runOnlyForDeploymentPostprocessing = 0;
			shellPath = /bin/sh;
			shellScript = "\"${PODS_ROOT}/Target Support Files/Pods-XliffieTests/Pods-XliffieTests-resources.sh\"\n";
			showEnvVarsInLog = 0;
		};
/* End PBXShellScriptBuildPhase section */

/* Begin PBXSourcesBuildPhase section */
		CF5FC8881A5ABFF700538E60 /* Sources */ = {
			isa = PBXSourcesBuildPhase;
			buildActionMask = 2147483647;
			files = (
				CF92FB941C24037B00700D3E /* TargetMissingViewController.m in Sources */,
				CF5682EB1A6AFB9800E0DEDD /* DocumentWindowController.m in Sources */,
				CF7CFCC92442083D00AFC9EF /* DocumentListViewController.m in Sources */,
				CF011B4B1C40FCBA00948323 /* TranslationUtility.m in Sources */,
				CF94FCA51A5C365400EE8BD5 /* File.m in Sources */,
				CF34B75A1AADE00A00C6A58E /* TranslationTargetCell.m in Sources */,
				CF5682EF1A6B11C700E0DEDD /* DetailViewController.m in Sources */,
				CFD234FA1A5E44C700B52088 /* XMLOutlineView.m in Sources */,
				CF5FC89B1A5ABFF700538E60 /* Document.m in Sources */,
				CFE3B1761CD800AB00021D7F /* NSString+Pangu.m in Sources */,
				CF5FC8981A5ABFF700538E60 /* DocumentViewController.m in Sources */,
				CF011B7D1C4641A400948323 /* TranslationWindowController.m in Sources */,
				CF5FC8951A5ABFF700538E60 /* main.m in Sources */,
				CF0945911C54FD3600DAEB4A /* BRArrowSegmentedCell.m in Sources */,
				CFF70D80221E7BF2004C4C2D /* XclocDocument.m in Sources */,
				CF846CD4259E21A300CA0713 /* CustomDocumentController.m in Sources */,
				CF662B391C307C7D00704CEA /* TranslateServiceWindowController.m in Sources */,
				CF5FC8931A5ABFF700538E60 /* AppDelegate.m in Sources */,
				CFCD4B341A6D0C7200BA8826 /* DocumentWindow.m in Sources */,
				CF94FCA81A5C37A900EE8BD5 /* TranslationPair.m in Sources */,
				CF34B7471AAB7C2000C6A58E /* DocumentListDrawer.m in Sources */,
			);
			runOnlyForDeploymentPostprocessing = 0;
		};
		CF5FC8A11A5ABFF700538E60 /* Sources */ = {
			isa = PBXSourcesBuildPhase;
			buildActionMask = 2147483647;
			files = (
				CF5FC8AC1A5ABFF700538E60 /* XliffieTests.m in Sources */,
			);
			runOnlyForDeploymentPostprocessing = 0;
		};
/* End PBXSourcesBuildPhase section */

/* Begin PBXTargetDependency section */
		CF5FC8A71A5ABFF700538E60 /* PBXTargetDependency */ = {
			isa = PBXTargetDependency;
			target = CF5FC88B1A5ABFF700538E60 /* Xliffie */;
			targetProxy = CF5FC8A61A5ABFF700538E60 /* PBXContainerItemProxy */;
		};
/* End PBXTargetDependency section */

/* Begin PBXVariantGroup section */
		CF5FC89E1A5ABFF700538E60 /* Main.storyboard */ = {
			isa = PBXVariantGroup;
			children = (
				CF5FC89F1A5ABFF700538E60 /* Base */,
				CFE39F9D1A765863004644C8 /* ja */,
				CF4B0C2E1BF91239007AF981 /* zh-TW */,
			);
			name = Main.storyboard;
			sourceTree = "<group>";
		};
		CF660EF61C540E11007A0B28 /* TranslateServiceWindowController.xib */ = {
			isa = PBXVariantGroup;
			children = (
				CF660F081C540EFC007A0B28 /* Base */,
				CF026F881C541330009A23AC /* ja */,
				CF026F891C54133B009A23AC /* zh-TW */,
			);
			name = TranslateServiceWindowController.xib;
			sourceTree = "<group>";
		};
		CF660EFD1C540E27007A0B28 /* TranslationWindowController.xib */ = {
			isa = PBXVariantGroup;
			children = (
				CF660F091C540F09007A0B28 /* Base */,
				CF026F8A1C54134A009A23AC /* ja */,
				CF026F8B1C54134C009A23AC /* zh-TW */,
			);
			name = TranslationWindowController.xib;
			sourceTree = "<group>";
		};
		CFE39F9C1A765859004644C8 /* Localizable.strings */ = {
			isa = PBXVariantGroup;
			children = (
				CFE39F9B1A765859004644C8 /* Base */,
				CFE39F9E1A765863004644C8 /* ja */,
				CF4B0C311BF9123A007AF981 /* zh-TW */,
			);
			name = Localizable.strings;
			sourceTree = "<group>";
		};
		CFE39FA31A767252004644C8 /* InfoPlist.strings */ = {
			isa = PBXVariantGroup;
			children = (
				CFE39FA21A767252004644C8 /* ja */,
				CF4B0C301BF9123A007AF981 /* zh-TW */,
			);
			name = InfoPlist.strings;
			sourceTree = "<group>";
		};
		CFE39FA81A767253004644C8 /* InfoPlist.strings */ = {
			isa = PBXVariantGroup;
			children = (
				CFE39FA71A767253004644C8 /* ja */,
				CF4B0C2F1BF9123A007AF981 /* zh-TW */,
			);
			name = InfoPlist.strings;
			sourceTree = "<group>";
		};
		CFEECE44250E21EE007A324C /* Localizable.stringsdict */ = {
			isa = PBXVariantGroup;
			children = (
				CFEECE43250E21EE007A324C /* en */,
				CFEECE46250E2C69007A324C /* zh-TW */,
				CFEECE47250E2C6A007A324C /* ja */,
			);
			name = Localizable.stringsdict;
			sourceTree = "<group>";
		};
/* End PBXVariantGroup section */

/* Begin XCBuildConfiguration section */
		CF5FC8AD1A5ABFF700538E60 /* Debug */ = {
			isa = XCBuildConfiguration;
			buildSettings = {
				ALWAYS_SEARCH_USER_PATHS = NO;
				CLANG_CXX_LANGUAGE_STANDARD = "gnu++0x";
				CLANG_CXX_LIBRARY = "libc++";
				CLANG_ENABLE_MODULES = YES;
				CLANG_ENABLE_OBJC_ARC = YES;
				CLANG_WARN_BOOL_CONVERSION = YES;
				CLANG_WARN_CONSTANT_CONVERSION = YES;
				CLANG_WARN_DIRECT_OBJC_ISA_USAGE = YES_ERROR;
				CLANG_WARN_EMPTY_BODY = YES;
				CLANG_WARN_ENUM_CONVERSION = YES;
				CLANG_WARN_INT_CONVERSION = YES;
				CLANG_WARN_OBJC_ROOT_CLASS = YES_ERROR;
				CLANG_WARN_UNREACHABLE_CODE = YES;
				CLANG_WARN__DUPLICATE_METHOD_MATCH = YES;
				CODE_SIGN_IDENTITY = "-";
				COPY_PHASE_STRIP = NO;
				DEBUG_INFORMATION_FORMAT = "dwarf-with-dsym";
				ENABLE_STRICT_OBJC_MSGSEND = YES;
				GCC_C_LANGUAGE_STANDARD = gnu99;
				GCC_DYNAMIC_NO_PIC = NO;
				GCC_OPTIMIZATION_LEVEL = 0;
				GCC_PREPROCESSOR_DEFINITIONS = (
					"DEBUG=1",
					"$(inherited)",
				);
				GCC_SYMBOLS_PRIVATE_EXTERN = NO;
				GCC_WARN_64_TO_32_BIT_CONVERSION = YES;
				GCC_WARN_ABOUT_RETURN_TYPE = YES_ERROR;
				GCC_WARN_UNDECLARED_SELECTOR = YES;
				GCC_WARN_UNINITIALIZED_AUTOS = YES_AGGRESSIVE;
				GCC_WARN_UNUSED_FUNCTION = YES;
				GCC_WARN_UNUSED_VARIABLE = YES;
				MACOSX_DEPLOYMENT_TARGET = 10.10;
				MTL_ENABLE_DEBUG_INFO = YES;
				ONLY_ACTIVE_ARCH = YES;
				SDKROOT = macosx;
			};
			name = Debug;
		};
		CF5FC8AE1A5ABFF700538E60 /* Release */ = {
			isa = XCBuildConfiguration;
			buildSettings = {
				ALWAYS_SEARCH_USER_PATHS = NO;
				CLANG_CXX_LANGUAGE_STANDARD = "gnu++0x";
				CLANG_CXX_LIBRARY = "libc++";
				CLANG_ENABLE_MODULES = YES;
				CLANG_ENABLE_OBJC_ARC = YES;
				CLANG_WARN_BOOL_CONVERSION = YES;
				CLANG_WARN_CONSTANT_CONVERSION = YES;
				CLANG_WARN_DIRECT_OBJC_ISA_USAGE = YES_ERROR;
				CLANG_WARN_EMPTY_BODY = YES;
				CLANG_WARN_ENUM_CONVERSION = YES;
				CLANG_WARN_INT_CONVERSION = YES;
				CLANG_WARN_OBJC_ROOT_CLASS = YES_ERROR;
				CLANG_WARN_UNREACHABLE_CODE = YES;
				CLANG_WARN__DUPLICATE_METHOD_MATCH = YES;
				CODE_SIGN_IDENTITY = "-";
				COPY_PHASE_STRIP = YES;
				DEBUG_INFORMATION_FORMAT = "dwarf-with-dsym";
				ENABLE_NS_ASSERTIONS = NO;
				ENABLE_STRICT_OBJC_MSGSEND = YES;
				GCC_C_LANGUAGE_STANDARD = gnu99;
				GCC_WARN_64_TO_32_BIT_CONVERSION = YES;
				GCC_WARN_ABOUT_RETURN_TYPE = YES_ERROR;
				GCC_WARN_UNDECLARED_SELECTOR = YES;
				GCC_WARN_UNINITIALIZED_AUTOS = YES_AGGRESSIVE;
				GCC_WARN_UNUSED_FUNCTION = YES;
				GCC_WARN_UNUSED_VARIABLE = YES;
				MACOSX_DEPLOYMENT_TARGET = 10.10;
				MTL_ENABLE_DEBUG_INFO = NO;
				SDKROOT = macosx;
			};
			name = Release;
		};
		CF5FC8B01A5ABFF700538E60 /* Debug */ = {
			isa = XCBuildConfiguration;
			baseConfigurationReference = E63D96FADBADA5BA423F82DD /* Pods-Xliffie.debug.xcconfig */;
			buildSettings = {
				ASSETCATALOG_COMPILER_APPICON_NAME = AppIcon;
				CLANG_ENABLE_MODULES = YES;
				CODE_SIGN_ENTITLEMENTS = Xliffie/Xliffie.entitlements;
				CODE_SIGN_IDENTITY = "-";
				CODE_SIGN_STYLE = Automatic;
				COMBINE_HIDPI_IMAGES = YES;
				CURRENT_PROJECT_VERSION = 132;
				DEVELOPMENT_TEAM = CC63FD9H8S;
				FRAMEWORK_SEARCH_PATHS = (
					"$(inherited)",
					"$(PROJECT_DIR)/Xliffie",
				);
				INFOPLIST_FILE = Xliffie/Info.plist;
				LD_RUNPATH_SEARCH_PATHS = "$(inherited) @executable_path/../Frameworks";
				MARKETING_VERSION = 1.6.7;
				PRODUCT_NAME = "$(TARGET_NAME)";
				PROVISIONING_PROFILE_SPECIFIER = "";
				SWIFT_OBJC_BRIDGING_HEADER = "Xliffie/Xliffie-Bridging-Header.h";
				SWIFT_OPTIMIZATION_LEVEL = "-Onone";
			};
			name = Debug;
		};
		CF5FC8B11A5ABFF700538E60 /* Release */ = {
			isa = XCBuildConfiguration;
			baseConfigurationReference = 9D0489703C74B347744F2B1A /* Pods-Xliffie.release.xcconfig */;
			buildSettings = {
				ASSETCATALOG_COMPILER_APPICON_NAME = AppIcon;
				CLANG_ENABLE_MODULES = YES;
				CODE_SIGN_ENTITLEMENTS = Xliffie/Xliffie.entitlements;
				CODE_SIGN_IDENTITY = "Mac Developer";
				CODE_SIGN_STYLE = Automatic;
				COMBINE_HIDPI_IMAGES = YES;
				CURRENT_PROJECT_VERSION = 132;
				DEVELOPMENT_TEAM = CC63FD9H8S;
				FRAMEWORK_SEARCH_PATHS = (
					"$(inherited)",
					"$(PROJECT_DIR)/Xliffie",
				);
				INFOPLIST_FILE = Xliffie/Info.plist;
				LD_RUNPATH_SEARCH_PATHS = "$(inherited) @executable_path/../Frameworks";
				MARKETING_VERSION = 1.6.7;
				PRODUCT_NAME = "$(TARGET_NAME)";
				PROVISIONING_PROFILE = "";
				PROVISIONING_PROFILE_SPECIFIER = "";
				SWIFT_OBJC_BRIDGING_HEADER = "Xliffie/Xliffie-Bridging-Header.h";
			};
			name = Release;
		};
		CF5FC8B31A5ABFF700538E60 /* Debug */ = {
			isa = XCBuildConfiguration;
			baseConfigurationReference = F46F3EFF87AC9239B0E767A0 /* Pods-XliffieTests.debug.xcconfig */;
			buildSettings = {
				BUNDLE_LOADER = "$(TEST_HOST)";
				COMBINE_HIDPI_IMAGES = YES;
				FRAMEWORK_SEARCH_PATHS = (
					"$(DEVELOPER_FRAMEWORKS_DIR)",
					"$(inherited)",
				);
				GCC_PREPROCESSOR_DEFINITIONS = (
					"DEBUG=1",
					"$(inherited)",
				);
				INFOPLIST_FILE = XliffieTests/Info.plist;
				LD_RUNPATH_SEARCH_PATHS = "$(inherited) @executable_path/../Frameworks @loader_path/../Frameworks";
				PRODUCT_NAME = "$(TARGET_NAME)";
				TEST_HOST = "$(BUILT_PRODUCTS_DIR)/Xliffie.app/Contents/MacOS/Xliffie";
			};
			name = Debug;
		};
		CF5FC8B41A5ABFF700538E60 /* Release */ = {
			isa = XCBuildConfiguration;
			baseConfigurationReference = 8F922AA3285E9DB3A6DBC09B /* Pods-XliffieTests.release.xcconfig */;
			buildSettings = {
				BUNDLE_LOADER = "$(TEST_HOST)";
				COMBINE_HIDPI_IMAGES = YES;
				FRAMEWORK_SEARCH_PATHS = (
					"$(DEVELOPER_FRAMEWORKS_DIR)",
					"$(inherited)",
				);
				INFOPLIST_FILE = XliffieTests/Info.plist;
				LD_RUNPATH_SEARCH_PATHS = "$(inherited) @executable_path/../Frameworks @loader_path/../Frameworks";
				PRODUCT_NAME = "$(TARGET_NAME)";
				TEST_HOST = "$(BUILT_PRODUCTS_DIR)/Xliffie.app/Contents/MacOS/Xliffie";
			};
			name = Release;
		};
/* End XCBuildConfiguration section */

/* Begin XCConfigurationList section */
		CF5FC8871A5ABFF700538E60 /* Build configuration list for PBXProject "Xliffie" */ = {
			isa = XCConfigurationList;
			buildConfigurations = (
				CF5FC8AD1A5ABFF700538E60 /* Debug */,
				CF5FC8AE1A5ABFF700538E60 /* Release */,
			);
			defaultConfigurationIsVisible = 0;
			defaultConfigurationName = Release;
		};
		CF5FC8AF1A5ABFF700538E60 /* Build configuration list for PBXNativeTarget "Xliffie" */ = {
			isa = XCConfigurationList;
			buildConfigurations = (
				CF5FC8B01A5ABFF700538E60 /* Debug */,
				CF5FC8B11A5ABFF700538E60 /* Release */,
			);
			defaultConfigurationIsVisible = 0;
			defaultConfigurationName = Release;
		};
		CF5FC8B21A5ABFF700538E60 /* Build configuration list for PBXNativeTarget "XliffieTests" */ = {
			isa = XCConfigurationList;
			buildConfigurations = (
				CF5FC8B31A5ABFF700538E60 /* Debug */,
				CF5FC8B41A5ABFF700538E60 /* Release */,
			);
			defaultConfigurationIsVisible = 0;
			defaultConfigurationName = Release;
		};
/* End XCConfigurationList section */
	};
	rootObject = CF5FC8841A5ABFF700538E60 /* Project object */;
}
