// !$*UTF8*$!
{
	archiveVersion = 1;
	classes = {
	};
	objectVersion = 46;
	objects = {

/* Begin PBXBuildFile section */
		50576349D106F92CB6EACA4F /* libPods.a in Frameworks */ = {isa = PBXBuildFile; fileRef = D9A4DB17232AB0C035770831 /* libPods.a */; };
		CF5682EB1A6AFB9800E0DEDD /* DocumentWindowController.m in Sources */ = {isa = PBXBuildFile; fileRef = CF5682E91A6AFB9800E0DEDD /* DocumentWindowController.m */; };
		CF5682EF1A6B11C700E0DEDD /* DetailViewController.m in Sources */ = {isa = PBXBuildFile; fileRef = CF5682EE1A6B11C700E0DEDD /* DetailViewController.m */; };
		CF5FC8931A5ABFF700538E60 /* AppDelegate.m in Sources */ = {isa = PBXBuildFile; fileRef = CF5FC8921A5ABFF700538E60 /* AppDelegate.m */; };
		CF5FC8951A5ABFF700538E60 /* main.m in Sources */ = {isa = PBXBuildFile; fileRef = CF5FC8941A5ABFF700538E60 /* main.m */; };
		CF5FC8981A5ABFF700538E60 /* ViewController.m in Sources */ = {isa = PBXBuildFile; fileRef = CF5FC8971A5ABFF700538E60 /* ViewController.m */; };
		CF5FC89B1A5ABFF700538E60 /* Document.m in Sources */ = {isa = PBXBuildFile; fileRef = CF5FC89A1A5ABFF700538E60 /* Document.m */; };
		CF5FC89D1A5ABFF700538E60 /* Images.xcassets in Resources */ = {isa = PBXBuildFile; fileRef = CF5FC89C1A5ABFF700538E60 /* Images.xcassets */; };
		CF5FC8A01A5ABFF700538E60 /* Main.storyboard in Resources */ = {isa = PBXBuildFile; fileRef = CF5FC89E1A5ABFF700538E60 /* Main.storyboard */; };
		CF5FC8AC1A5ABFF700538E60 /* XliffieTests.m in Sources */ = {isa = PBXBuildFile; fileRef = CF5FC8AB1A5ABFF700538E60 /* XliffieTests.m */; };
		CF94FCA51A5C365400EE8BD5 /* File.m in Sources */ = {isa = PBXBuildFile; fileRef = CF94FCA41A5C365400EE8BD5 /* File.m */; };
		CF94FCA81A5C37A900EE8BD5 /* TranslationPair.m in Sources */ = {isa = PBXBuildFile; fileRef = CF94FCA71A5C37A900EE8BD5 /* TranslationPair.m */; };
		CFD234FA1A5E44C700B52088 /* XMLOutlineView.m in Sources */ = {isa = PBXBuildFile; fileRef = CFD234F91A5E44C700B52088 /* XMLOutlineView.m */; };
/* End PBXBuildFile section */

/* Begin PBXContainerItemProxy section */
		CF5FC8A61A5ABFF700538E60 /* PBXContainerItemProxy */ = {
			isa = PBXContainerItemProxy;
			containerPortal = CF5FC8841A5ABFF700538E60 /* Project object */;
			proxyType = 1;
			remoteGlobalIDString = CF5FC88B1A5ABFF700538E60;
			remoteInfo = Xliffie;
		};
/* End PBXContainerItemProxy section */

/* Begin PBXFileReference section */
		A24FB6FB6C748EE2771A3127 /* Pods.release.xcconfig */ = {isa = PBXFileReference; includeInIndex = 1; lastKnownFileType = text.xcconfig; name = Pods.release.xcconfig; path = "Pods/Target Support Files/Pods/Pods.release.xcconfig"; sourceTree = "<group>"; };
		BB660F8206041708A21FA21A /* Pods.debug.xcconfig */ = {isa = PBXFileReference; includeInIndex = 1; lastKnownFileType = text.xcconfig; name = Pods.debug.xcconfig; path = "Pods/Target Support Files/Pods/Pods.debug.xcconfig"; sourceTree = "<group>"; };
		CF5682E81A6AFB9800E0DEDD /* DocumentWindowController.h */ = {isa = PBXFileReference; fileEncoding = 4; lastKnownFileType = sourcecode.c.h; path = DocumentWindowController.h; sourceTree = "<group>"; };
		CF5682E91A6AFB9800E0DEDD /* DocumentWindowController.m */ = {isa = PBXFileReference; fileEncoding = 4; lastKnownFileType = sourcecode.c.objc; path = DocumentWindowController.m; sourceTree = "<group>"; };
		CF5682ED1A6B11C700E0DEDD /* DetailViewController.h */ = {isa = PBXFileReference; fileEncoding = 4; lastKnownFileType = sourcecode.c.h; path = DetailViewController.h; sourceTree = "<group>"; };
		CF5682EE1A6B11C700E0DEDD /* DetailViewController.m */ = {isa = PBXFileReference; fileEncoding = 4; lastKnownFileType = sourcecode.c.objc; path = DetailViewController.m; sourceTree = "<group>"; };
		CF5FC88C1A5ABFF700538E60 /* Xliffie.app */ = {isa = PBXFileReference; explicitFileType = wrapper.application; includeInIndex = 0; path = Xliffie.app; sourceTree = BUILT_PRODUCTS_DIR; };
		CF5FC8901A5ABFF700538E60 /* Info.plist */ = {isa = PBXFileReference; lastKnownFileType = text.plist.xml; path = Info.plist; sourceTree = "<group>"; };
		CF5FC8911A5ABFF700538E60 /* AppDelegate.h */ = {isa = PBXFileReference; lastKnownFileType = sourcecode.c.h; path = AppDelegate.h; sourceTree = "<group>"; };
		CF5FC8921A5ABFF700538E60 /* AppDelegate.m */ = {isa = PBXFileReference; lastKnownFileType = sourcecode.c.objc; path = AppDelegate.m; sourceTree = "<group>"; };
		CF5FC8941A5ABFF700538E60 /* main.m */ = {isa = PBXFileReference; lastKnownFileType = sourcecode.c.objc; path = main.m; sourceTree = "<group>"; };
		CF5FC8961A5ABFF700538E60 /* ViewController.h */ = {isa = PBXFileReference; lastKnownFileType = sourcecode.c.h; path = ViewController.h; sourceTree = "<group>"; };
		CF5FC8971A5ABFF700538E60 /* ViewController.m */ = {isa = PBXFileReference; lastKnownFileType = sourcecode.c.objc; path = ViewController.m; sourceTree = "<group>"; };
		CF5FC8991A5ABFF700538E60 /* Document.h */ = {isa = PBXFileReference; lastKnownFileType = sourcecode.c.h; path = Document.h; sourceTree = "<group>"; };
		CF5FC89A1A5ABFF700538E60 /* Document.m */ = {isa = PBXFileReference; lastKnownFileType = sourcecode.c.objc; path = Document.m; sourceTree = "<group>"; };
		CF5FC89C1A5ABFF700538E60 /* Images.xcassets */ = {isa = PBXFileReference; lastKnownFileType = folder.assetcatalog; path = Images.xcassets; sourceTree = "<group>"; };
		CF5FC89F1A5ABFF700538E60 /* Base */ = {isa = PBXFileReference; lastKnownFileType = file.storyboard; name = Base; path = Base.lproj/Main.storyboard; sourceTree = "<group>"; };
		CF5FC8A51A5ABFF700538E60 /* XliffieTests.xctest */ = {isa = PBXFileReference; explicitFileType = wrapper.cfbundle; includeInIndex = 0; path = XliffieTests.xctest; sourceTree = BUILT_PRODUCTS_DIR; };
		CF5FC8AA1A5ABFF700538E60 /* Info.plist */ = {isa = PBXFileReference; lastKnownFileType = text.plist.xml; path = Info.plist; sourceTree = "<group>"; };
		CF5FC8AB1A5ABFF700538E60 /* XliffieTests.m */ = {isa = PBXFileReference; lastKnownFileType = sourcecode.c.objc; path = XliffieTests.m; sourceTree = "<group>"; };
		CF94FCA31A5C365400EE8BD5 /* File.h */ = {isa = PBXFileReference; fileEncoding = 4; lastKnownFileType = sourcecode.c.h; path = File.h; sourceTree = "<group>"; };
		CF94FCA41A5C365400EE8BD5 /* File.m */ = {isa = PBXFileReference; fileEncoding = 4; lastKnownFileType = sourcecode.c.objc; path = File.m; sourceTree = "<group>"; };
		CF94FCA61A5C37A900EE8BD5 /* TranslationPair.h */ = {isa = PBXFileReference; fileEncoding = 4; lastKnownFileType = sourcecode.c.h; path = TranslationPair.h; sourceTree = "<group>"; };
		CF94FCA71A5C37A900EE8BD5 /* TranslationPair.m */ = {isa = PBXFileReference; fileEncoding = 4; lastKnownFileType = sourcecode.c.objc; path = TranslationPair.m; sourceTree = "<group>"; };
		CFD234F81A5E44C700B52088 /* XMLOutlineView.h */ = {isa = PBXFileReference; fileEncoding = 4; lastKnownFileType = sourcecode.c.h; path = XMLOutlineView.h; sourceTree = "<group>"; };
		CFD234F91A5E44C700B52088 /* XMLOutlineView.m */ = {isa = PBXFileReference; fileEncoding = 4; lastKnownFileType = sourcecode.c.objc; path = XMLOutlineView.m; sourceTree = "<group>"; };
		D9A4DB17232AB0C035770831 /* libPods.a */ = {isa = PBXFileReference; explicitFileType = archive.ar; includeInIndex = 0; path = libPods.a; sourceTree = BUILT_PRODUCTS_DIR; };
/* End PBXFileReference section */

/* Begin PBXFrameworksBuildPhase section */
		CF5FC8891A5ABFF700538E60 /* Frameworks */ = {
			isa = PBXFrameworksBuildPhase;
			buildActionMask = 2147483647;
			files = (
				50576349D106F92CB6EACA4F /* libPods.a in Frameworks */,
			);
			runOnlyForDeploymentPostprocessing = 0;
		};
		CF5FC8A21A5ABFF700538E60 /* Frameworks */ = {
			isa = PBXFrameworksBuildPhase;
			buildActionMask = 2147483647;
			files = (
			);
			runOnlyForDeploymentPostprocessing = 0;
		};
/* End PBXFrameworksBuildPhase section */

/* Begin PBXGroup section */
		5E38D2451872DE566AE23DC2 /* Pods */ = {
			isa = PBXGroup;
			children = (
				BB660F8206041708A21FA21A /* Pods.debug.xcconfig */,
				A24FB6FB6C748EE2771A3127 /* Pods.release.xcconfig */,
			);
			name = Pods;
			sourceTree = "<group>";
		};
		CF5FC8831A5ABFF700538E60 = {
			isa = PBXGroup;
			children = (
				CF5FC88E1A5ABFF700538E60 /* Xliffie */,
				CF5FC8A81A5ABFF700538E60 /* XliffieTests */,
				CF5FC88D1A5ABFF700538E60 /* Products */,
				5E38D2451872DE566AE23DC2 /* Pods */,
				FDD46047F5B06EB00BB9C51D /* Frameworks */,
			);
			sourceTree = "<group>";
		};
		CF5FC88D1A5ABFF700538E60 /* Products */ = {
			isa = PBXGroup;
			children = (
				CF5FC88C1A5ABFF700538E60 /* Xliffie.app */,
				CF5FC8A51A5ABFF700538E60 /* XliffieTests.xctest */,
			);
			name = Products;
			sourceTree = "<group>";
		};
		CF5FC88E1A5ABFF700538E60 /* Xliffie */ = {
			isa = PBXGroup;
			children = (
				CF5FC8911A5ABFF700538E60 /* AppDelegate.h */,
				CF5FC8921A5ABFF700538E60 /* AppDelegate.m */,
				CF5682E81A6AFB9800E0DEDD /* DocumentWindowController.h */,
				CF5682E91A6AFB9800E0DEDD /* DocumentWindowController.m */,
				CF5FC8961A5ABFF700538E60 /* ViewController.h */,
				CF5FC8971A5ABFF700538E60 /* ViewController.m */,
				CF5682ED1A6B11C700E0DEDD /* DetailViewController.h */,
				CF5682EE1A6B11C700E0DEDD /* DetailViewController.m */,
				CF5FC8991A5ABFF700538E60 /* Document.h */,
				CF5FC89A1A5ABFF700538E60 /* Document.m */,
				CF94FCA31A5C365400EE8BD5 /* File.h */,
				CF94FCA41A5C365400EE8BD5 /* File.m */,
				CF94FCA61A5C37A900EE8BD5 /* TranslationPair.h */,
				CF94FCA71A5C37A900EE8BD5 /* TranslationPair.m */,
				CFD234F81A5E44C700B52088 /* XMLOutlineView.h */,
				CFD234F91A5E44C700B52088 /* XMLOutlineView.m */,
				CF5FC89C1A5ABFF700538E60 /* Images.xcassets */,
				CF5FC89E1A5ABFF700538E60 /* Main.storyboard */,
				CF5FC88F1A5ABFF700538E60 /* Supporting Files */,
			);
			path = Xliffie;
			sourceTree = "<group>";
		};
		CF5FC88F1A5ABFF700538E60 /* Supporting Files */ = {
			isa = PBXGroup;
			children = (
				CF5FC8901A5ABFF700538E60 /* Info.plist */,
				CF5FC8941A5ABFF700538E60 /* main.m */,
			);
			name = "Supporting Files";
			sourceTree = "<group>";
		};
		CF5FC8A81A5ABFF700538E60 /* XliffieTests */ = {
			isa = PBXGroup;
			children = (
				CF5FC8AB1A5ABFF700538E60 /* XliffieTests.m */,
				CF5FC8A91A5ABFF700538E60 /* Supporting Files */,
			);
			path = XliffieTests;
			sourceTree = "<group>";
		};
		CF5FC8A91A5ABFF700538E60 /* Supporting Files */ = {
			isa = PBXGroup;
			children = (
				CF5FC8AA1A5ABFF700538E60 /* Info.plist */,
			);
			name = "Supporting Files";
			sourceTree = "<group>";
		};
		FDD46047F5B06EB00BB9C51D /* Frameworks */ = {
			isa = PBXGroup;
			children = (
				D9A4DB17232AB0C035770831 /* libPods.a */,
			);
			name = Frameworks;
			sourceTree = "<group>";
		};
/* End PBXGroup section */

/* Begin PBXNativeTarget section */
		CF5FC88B1A5ABFF700538E60 /* Xliffie */ = {
			isa = PBXNativeTarget;
			buildConfigurationList = CF5FC8AF1A5ABFF700538E60 /* Build configuration list for PBXNativeTarget "Xliffie" */;
			buildPhases = (
				CF5FC8881A5ABFF700538E60 /* Sources */,
				CF5FC8891A5ABFF700538E60 /* Frameworks */,
				CF5FC88A1A5ABFF700538E60 /* Resources */,
			);
			buildRules = (
			);
			dependencies = (
			);
			name = Xliffie;
			productName = Xliffie;
			productReference = CF5FC88C1A5ABFF700538E60 /* Xliffie.app */;
			productType = "com.apple.product-type.application";
		};
		CF5FC8A41A5ABFF700538E60 /* XliffieTests */ = {
			isa = PBXNativeTarget;
			buildConfigurationList = CF5FC8B21A5ABFF700538E60 /* Build configuration list for PBXNativeTarget "XliffieTests" */;
			buildPhases = (
				CF5FC8A11A5ABFF700538E60 /* Sources */,
				CF5FC8A21A5ABFF700538E60 /* Frameworks */,
				CF5FC8A31A5ABFF700538E60 /* Resources */,
			);
			buildRules = (
			);
			dependencies = (
				CF5FC8A71A5ABFF700538E60 /* PBXTargetDependency */,
			);
			name = XliffieTests;
			productName = XliffieTests;
			productReference = CF5FC8A51A5ABFF700538E60 /* XliffieTests.xctest */;
			productType = "com.apple.product-type.bundle.unit-test";
		};
/* End PBXNativeTarget section */

/* Begin PBXProject section */
		CF5FC8841A5ABFF700538E60 /* Project object */ = {
			isa = PBXProject;
			attributes = {
				LastUpgradeCheck = 0610;
				ORGANIZATIONNAME = b123400;
				TargetAttributes = {
					CF5FC88B1A5ABFF700538E60 = {
						CreatedOnToolsVersion = 6.1.1;
					};
					CF5FC8A41A5ABFF700538E60 = {
						CreatedOnToolsVersion = 6.1.1;
						TestTargetID = CF5FC88B1A5ABFF700538E60;
					};
				};
			};
			buildConfigurationList = CF5FC8871A5ABFF700538E60 /* Build configuration list for PBXProject "Xliffie" */;
			compatibilityVersion = "Xcode 3.2";
			developmentRegion = English;
			hasScannedForEncodings = 0;
			knownRegions = (
				en,
				Base,
			);
			mainGroup = CF5FC8831A5ABFF700538E60;
			productRefGroup = CF5FC88D1A5ABFF700538E60 /* Products */;
			projectDirPath = "";
			projectRoot = "";
			targets = (
				CF5FC88B1A5ABFF700538E60 /* Xliffie */,
				CF5FC8A41A5ABFF700538E60 /* XliffieTests */,
			);
		};
/* End PBXProject section */

/* Begin PBXResourcesBuildPhase section */
		CF5FC88A1A5ABFF700538E60 /* Resources */ = {
			isa = PBXResourcesBuildPhase;
			buildActionMask = 2147483647;
			files = (
				CF5FC89D1A5ABFF700538E60 /* Images.xcassets in Resources */,
				CF5FC8A01A5ABFF700538E60 /* Main.storyboard in Resources */,
			);
			runOnlyForDeploymentPostprocessing = 0;
		};
		CF5FC8A31A5ABFF700538E60 /* Resources */ = {
			isa = PBXResourcesBuildPhase;
			buildActionMask = 2147483647;
			files = (
			);
			runOnlyForDeploymentPostprocessing = 0;
		};
/* End PBXResourcesBuildPhase section */

/* Begin PBXSourcesBuildPhase section */
		CF5FC8881A5ABFF700538E60 /* Sources */ = {
			isa = PBXSourcesBuildPhase;
			buildActionMask = 2147483647;
			files = (
				CF5682EB1A6AFB9800E0DEDD /* DocumentWindowController.m in Sources */,
				CF94FCA51A5C365400EE8BD5 /* File.m in Sources */,
				CF5682EF1A6B11C700E0DEDD /* DetailViewController.m in Sources */,
				CFD234FA1A5E44C700B52088 /* XMLOutlineView.m in Sources */,
				CF5FC89B1A5ABFF700538E60 /* Document.m in Sources */,
				CF5FC8981A5ABFF700538E60 /* ViewController.m in Sources */,
				CF5FC8951A5ABFF700538E60 /* main.m in Sources */,
				CF5FC8931A5ABFF700538E60 /* AppDelegate.m in Sources */,
				CF94FCA81A5C37A900EE8BD5 /* TranslationPair.m in Sources */,
			);
			runOnlyForDeploymentPostprocessing = 0;
		};
		CF5FC8A11A5ABFF700538E60 /* Sources */ = {
			isa = PBXSourcesBuildPhase;
			buildActionMask = 2147483647;
			files = (
				CF5FC8AC1A5ABFF700538E60 /* XliffieTests.m in Sources */,
			);
			runOnlyForDeploymentPostprocessing = 0;
		};
/* End PBXSourcesBuildPhase section */

/* Begin PBXTargetDependency section */
		CF5FC8A71A5ABFF700538E60 /* PBXTargetDependency */ = {
			isa = PBXTargetDependency;
			target = CF5FC88B1A5ABFF700538E60 /* Xliffie */;
			targetProxy = CF5FC8A61A5ABFF700538E60 /* PBXContainerItemProxy */;
		};
/* End PBXTargetDependency section */

/* Begin PBXVariantGroup section */
		CF5FC89E1A5ABFF700538E60 /* Main.storyboard */ = {
			isa = PBXVariantGroup;
			children = (
				CF5FC89F1A5ABFF700538E60 /* Base */,
			);
			name = Main.storyboard;
			sourceTree = "<group>";
		};
/* End PBXVariantGroup section */

/* Begin XCBuildConfiguration section */
		CF5FC8AD1A5ABFF700538E60 /* Debug */ = {
			isa = XCBuildConfiguration;
			buildSettings = {
				ALWAYS_SEARCH_USER_PATHS = NO;
				CLANG_CXX_LANGUAGE_STANDARD = "gnu++0x";
				CLANG_CXX_LIBRARY = "libc++";
				CLANG_ENABLE_MODULES = YES;
				CLANG_ENABLE_OBJC_ARC = YES;
				CLANG_WARN_BOOL_CONVERSION = YES;
				CLANG_WARN_CONSTANT_CONVERSION = YES;
				CLANG_WARN_DIRECT_OBJC_ISA_USAGE = YES_ERROR;
				CLANG_WARN_EMPTY_BODY = YES;
				CLANG_WARN_ENUM_CONVERSION = YES;
				CLANG_WARN_INT_CONVERSION = YES;
				CLANG_WARN_OBJC_ROOT_CLASS = YES_ERROR;
				CLANG_WARN_UNREACHABLE_CODE = YES;
				CLANG_WARN__DUPLICATE_METHOD_MATCH = YES;
				CODE_SIGN_IDENTITY = "-";
				COPY_PHASE_STRIP = NO;
				ENABLE_STRICT_OBJC_MSGSEND = YES;
				GCC_C_LANGUAGE_STANDARD = gnu99;
				GCC_DYNAMIC_NO_PIC = NO;
				GCC_OPTIMIZATION_LEVEL = 0;
				GCC_PREPROCESSOR_DEFINITIONS = (
					"DEBUG=1",
					"$(inherited)",
				);
				GCC_SYMBOLS_PRIVATE_EXTERN = NO;
				GCC_WARN_64_TO_32_BIT_CONVERSION = YES;
				GCC_WARN_ABOUT_RETURN_TYPE = YES_ERROR;
				GCC_WARN_UNDECLARED_SELECTOR = YES;
				GCC_WARN_UNINITIALIZED_AUTOS = YES_AGGRESSIVE;
				GCC_WARN_UNUSED_FUNCTION = YES;
				GCC_WARN_UNUSED_VARIABLE = YES;
				MACOSX_DEPLOYMENT_TARGET = 10.10;
				MTL_ENABLE_DEBUG_INFO = YES;
				ONLY_ACTIVE_ARCH = YES;
				SDKROOT = macosx;
			};
			name = Debug;
		};
		CF5FC8AE1A5ABFF700538E60 /* Release */ = {
			isa = XCBuildConfiguration;
			buildSettings = {
				ALWAYS_SEARCH_USER_PATHS = NO;
				CLANG_CXX_LANGUAGE_STANDARD = "gnu++0x";
				CLANG_CXX_LIBRARY = "libc++";
				CLANG_ENABLE_MODULES = YES;
				CLANG_ENABLE_OBJC_ARC = YES;
				CLANG_WARN_BOOL_CONVERSION = YES;
				CLANG_WARN_CONSTANT_CONVERSION = YES;
				CLANG_WARN_DIRECT_OBJC_ISA_USAGE = YES_ERROR;
				CLANG_WARN_EMPTY_BODY = YES;
				CLANG_WARN_ENUM_CONVERSION = YES;
				CLANG_WARN_INT_CONVERSION = YES;
				CLANG_WARN_OBJC_ROOT_CLASS = YES_ERROR;
				CLANG_WARN_UNREACHABLE_CODE = YES;
				CLANG_WARN__DUPLICATE_METHOD_MATCH = YES;
				CODE_SIGN_IDENTITY = "-";
				COPY_PHASE_STRIP = YES;
				DEBUG_INFORMATION_FORMAT = "dwarf-with-dsym";
				ENABLE_NS_ASSERTIONS = NO;
				ENABLE_STRICT_OBJC_MSGSEND = YES;
				GCC_C_LANGUAGE_STANDARD = gnu99;
				GCC_WARN_64_TO_32_BIT_CONVERSION = YES;
				GCC_WARN_ABOUT_RETURN_TYPE = YES_ERROR;
				GCC_WARN_UNDECLARED_SELECTOR = YES;
				GCC_WARN_UNINITIALIZED_AUTOS = YES_AGGRESSIVE;
				GCC_WARN_UNUSED_FUNCTION = YES;
				GCC_WARN_UNUSED_VARIABLE = YES;
				MACOSX_DEPLOYMENT_TARGET = 10.10;
				MTL_ENABLE_DEBUG_INFO = NO;
				SDKROOT = macosx;
			};
			name = Release;
		};
		CF5FC8B01A5ABFF700538E60 /* Debug */ = {
			isa = XCBuildConfiguration;
			baseConfigurationReference = BB660F8206041708A21FA21A /* Pods.debug.xcconfig */;
			buildSettings = {
				ASSETCATALOG_COMPILER_APPICON_NAME = AppIcon;
				COMBINE_HIDPI_IMAGES = YES;
				INFOPLIST_FILE = Xliffie/Info.plist;
				LD_RUNPATH_SEARCH_PATHS = "$(inherited) @executable_path/../Frameworks";
				PRODUCT_NAME = "$(TARGET_NAME)";
			};
			name = Debug;
		};
		CF5FC8B11A5ABFF700538E60 /* Release */ = {
			isa = XCBuildConfiguration;
			baseConfigurationReference = A24FB6FB6C748EE2771A3127 /* Pods.release.xcconfig */;
			buildSettings = {
				ASSETCATALOG_COMPILER_APPICON_NAME = AppIcon;
				COMBINE_HIDPI_IMAGES = YES;
				INFOPLIST_FILE = Xliffie/Info.plist;
				LD_RUNPATH_SEARCH_PATHS = "$(inherited) @executable_path/../Frameworks";
				PRODUCT_NAME = "$(TARGET_NAME)";
			};
			name = Release;
		};
		CF5FC8B31A5ABFF700538E60 /* Debug */ = {
			isa = XCBuildConfiguration;
			buildSettings = {
				BUNDLE_LOADER = "$(TEST_HOST)";
				COMBINE_HIDPI_IMAGES = YES;
				FRAMEWORK_SEARCH_PATHS = (
					"$(DEVELOPER_FRAMEWORKS_DIR)",
					"$(inherited)",
				);
				GCC_PREPROCESSOR_DEFINITIONS = (
					"DEBUG=1",
					"$(inherited)",
				);
				INFOPLIST_FILE = XliffieTests/Info.plist;
				LD_RUNPATH_SEARCH_PATHS = "$(inherited) @executable_path/../Frameworks @loader_path/../Frameworks";
				PRODUCT_NAME = "$(TARGET_NAME)";
				TEST_HOST = "$(BUILT_PRODUCTS_DIR)/Xliffie.app/Contents/MacOS/Xliffie";
			};
			name = Debug;
		};
		CF5FC8B41A5ABFF700538E60 /* Release */ = {
			isa = XCBuildConfiguration;
			buildSettings = {
				BUNDLE_LOADER = "$(TEST_HOST)";
				COMBINE_HIDPI_IMAGES = YES;
				FRAMEWORK_SEARCH_PATHS = (
					"$(DEVELOPER_FRAMEWORKS_DIR)",
					"$(inherited)",
				);
				INFOPLIST_FILE = XliffieTests/Info.plist;
				LD_RUNPATH_SEARCH_PATHS = "$(inherited) @executable_path/../Frameworks @loader_path/../Frameworks";
				PRODUCT_NAME = "$(TARGET_NAME)";
				TEST_HOST = "$(BUILT_PRODUCTS_DIR)/Xliffie.app/Contents/MacOS/Xliffie";
			};
			name = Release;
		};
/* End XCBuildConfiguration section */

/* Begin XCConfigurationList section */
		CF5FC8871A5ABFF700538E60 /* Build configuration list for PBXProject "Xliffie" */ = {
			isa = XCConfigurationList;
			buildConfigurations = (
				CF5FC8AD1A5ABFF700538E60 /* Debug */,
				CF5FC8AE1A5ABFF700538E60 /* Release */,
			);
			defaultConfigurationIsVisible = 0;
			defaultConfigurationName = Release;
		};
		CF5FC8AF1A5ABFF700538E60 /* Build configuration list for PBXNativeTarget "Xliffie" */ = {
			isa = XCConfigurationList;
			buildConfigurations = (
				CF5FC8B01A5ABFF700538E60 /* Debug */,
				CF5FC8B11A5ABFF700538E60 /* Release */,
			);
			defaultConfigurationIsVisible = 0;
			defaultConfigurationName = Release;
		};
		CF5FC8B21A5ABFF700538E60 /* Build configuration list for PBXNativeTarget "XliffieTests" */ = {
			isa = XCConfigurationList;
			buildConfigurations = (
				CF5FC8B31A5ABFF700538E60 /* Debug */,
				CF5FC8B41A5ABFF700538E60 /* Release */,
			);
			defaultConfigurationIsVisible = 0;
			defaultConfigurationName = Release;
		};
/* End XCConfigurationList section */
	};
	rootObject = CF5FC8841A5ABFF700538E60 /* Project object */;
}
